// !$*UTF8*$!
{
	archiveVersion = 1;
	classes = {
	};
	objectVersion = 56;
	objects = {

/* Begin PBXBuildFile section */
		3956F4A32ADC88F900EA601E /* Lottie in Frameworks */ = {isa = PBXBuildFile; productRef = 3956F4A22ADC88F900EA601E /* Lottie */; };
		3956F4A62ADC89E500EA601E /* CachedAsyncImage in Frameworks */ = {isa = PBXBuildFile; productRef = 3956F4A52ADC89E500EA601E /* CachedAsyncImage */; };
		3956F4A92ADC90BF00EA601E /* FirebaseAnalytics in Frameworks */ = {isa = PBXBuildFile; productRef = 3956F4A82ADC90BF00EA601E /* FirebaseAnalytics */; };
		3956F4AB2ADC90BF00EA601E /* FirebaseAuth in Frameworks */ = {isa = PBXBuildFile; productRef = 3956F4AA2ADC90BF00EA601E /* FirebaseAuth */; };
		3956F4AD2ADC90BF00EA601E /* FirebaseAuthCombine-Community in Frameworks */ = {isa = PBXBuildFile; productRef = 3956F4AC2ADC90BF00EA601E /* FirebaseAuthCombine-Community */; };
		3956F4AF2ADC90BF00EA601E /* FirebaseDatabase in Frameworks */ = {isa = PBXBuildFile; productRef = 3956F4AE2ADC90BF00EA601E /* FirebaseDatabase */; };
		3956F4B12ADC90BF00EA601E /* FirebaseDatabaseSwift in Frameworks */ = {isa = PBXBuildFile; productRef = 3956F4B02ADC90BF00EA601E /* FirebaseDatabaseSwift */; };
		3956F4B32ADC90BF00EA601E /* FirebaseFirestore in Frameworks */ = {isa = PBXBuildFile; productRef = 3956F4B22ADC90BF00EA601E /* FirebaseFirestore */; };
		3956F4B52ADC90BF00EA601E /* FirebaseFirestoreCombine-Community in Frameworks */ = {isa = PBXBuildFile; productRef = 3956F4B42ADC90BF00EA601E /* FirebaseFirestoreCombine-Community */; };
		3956F4B72ADC90BF00EA601E /* FirebaseFirestoreSwift in Frameworks */ = {isa = PBXBuildFile; productRef = 3956F4B62ADC90BF00EA601E /* FirebaseFirestoreSwift */; };
		3956F4B92ADC90BF00EA601E /* FirebaseStorage in Frameworks */ = {isa = PBXBuildFile; productRef = 3956F4B82ADC90BF00EA601E /* FirebaseStorage */; };
		3956F4BB2ADC90BF00EA601E /* FirebaseStorageCombine-Community in Frameworks */ = {isa = PBXBuildFile; productRef = 3956F4BA2ADC90BF00EA601E /* FirebaseStorageCombine-Community */; };
		3960D0142AB51C1100F1B93E /* DetailView.swift in Sources */ = {isa = PBXBuildFile; fileRef = 3960D0132AB51C1100F1B93E /* DetailView.swift */; };
		3960D0162AB5271600F1B93E /* Pluto.usdz in Resources */ = {isa = PBXBuildFile; fileRef = 3960D0152AB5271600F1B93E /* Pluto.usdz */; };
		3978F6672AC8A77100E671B6 /* ProfileView.swift in Sources */ = {isa = PBXBuildFile; fileRef = 3978F6662AC8A77100E671B6 /* ProfileView.swift */; };
		397900EF2AC229010000D70C /* API.swift in Sources */ = {isa = PBXBuildFile; fileRef = 397900EE2AC229010000D70C /* API.swift */; };
		397900F12AC229860000D70C /* NewsLive.swift in Sources */ = {isa = PBXBuildFile; fileRef = 397900F02AC229860000D70C /* NewsLive.swift */; };
		397900F62AC22A480000D70C /* NewsView.swift in Sources */ = {isa = PBXBuildFile; fileRef = 397900F52AC22A480000D70C /* NewsView.swift */; };
		397901022AC3993C0000D70C /* animation_ln0x2yob.json in Resources */ = {isa = PBXBuildFile; fileRef = 397901012AC3993C0000D70C /* animation_ln0x2yob.json */; };
		39D12A042ADF0A61007A8BEB /* CosmicATLAS.gif in Resources */ = {isa = PBXBuildFile; fileRef = 39D12A032ADF0A61007A8BEB /* CosmicATLAS.gif */; };
		39D577F02AB3CA8700E11D13 /* ContentView.swift in Sources */ = {isa = PBXBuildFile; fileRef = 39D577EF2AB3CA8700E11D13 /* ContentView.swift */; };
		39D577F22AB3CA8700E11D13 /* Experience.rcproject in Sources */ = {isa = PBXBuildFile; fileRef = 39D577F12AB3CA8700E11D13 /* Experience.rcproject */; };
		39D577F42AB3CA8700E11D13 /* Assets.xcassets in Resources */ = {isa = PBXBuildFile; fileRef = 39D577F32AB3CA8700E11D13 /* Assets.xcassets */; };
		39D577F72AB3CA8700E11D13 /* Preview Assets.xcassets in Resources */ = {isa = PBXBuildFile; fileRef = 39D577F62AB3CA8700E11D13 /* Preview Assets.xcassets */; };
		39D578012AB3CA8700E11D13 /* CosmicAtlasTests.swift in Sources */ = {isa = PBXBuildFile; fileRef = 39D578002AB3CA8700E11D13 /* CosmicAtlasTests.swift */; };
		39D5780B2AB3CA8700E11D13 /* CosmicAtlasUITests.swift in Sources */ = {isa = PBXBuildFile; fileRef = 39D5780A2AB3CA8700E11D13 /* CosmicAtlasUITests.swift */; };
		39D5780D2AB3CA8700E11D13 /* CosmicAtlasUITestsLaunchTests.swift in Sources */ = {isa = PBXBuildFile; fileRef = 39D5780C2AB3CA8700E11D13 /* CosmicAtlasUITestsLaunchTests.swift */; };
		39D5781A2AB3CB1B00E11D13 /* CosmicAtlasApp.swift in Sources */ = {isa = PBXBuildFile; fileRef = 39D578192AB3CB1B00E11D13 /* CosmicAtlasApp.swift */; };
		39D578242AB3CD4300E11D13 /* Mars.usdz in Resources */ = {isa = PBXBuildFile; fileRef = 39D578232AB3CD4300E11D13 /* Mars.usdz */; };
		39D578252AB3CD4300E11D13 /* Mars.usdz in Resources */ = {isa = PBXBuildFile; fileRef = 39D578232AB3CD4300E11D13 /* Mars.usdz */; };
		39D578262AB3CD4300E11D13 /* Mars.usdz in Resources */ = {isa = PBXBuildFile; fileRef = 39D578232AB3CD4300E11D13 /* Mars.usdz */; };
		39D578282AB3CDC900E11D13 /* Sun.usdz in Resources */ = {isa = PBXBuildFile; fileRef = 39D578272AB3CDC900E11D13 /* Sun.usdz */; };
		39D578292AB3CDC900E11D13 /* Sun.usdz in Resources */ = {isa = PBXBuildFile; fileRef = 39D578272AB3CDC900E11D13 /* Sun.usdz */; };
		39D5782A2AB3CDC900E11D13 /* Sun.usdz in Resources */ = {isa = PBXBuildFile; fileRef = 39D578272AB3CDC900E11D13 /* Sun.usdz */; };
		39D5782E2AB3CE7000E11D13 /* PlanetData.swift in Sources */ = {isa = PBXBuildFile; fileRef = 39D5782D2AB3CE7000E11D13 /* PlanetData.swift */; };
		39D5782F2AB3CE7000E11D13 /* PlanetData.swift in Sources */ = {isa = PBXBuildFile; fileRef = 39D5782D2AB3CE7000E11D13 /* PlanetData.swift */; };
		39D578302AB3CE7000E11D13 /* PlanetData.swift in Sources */ = {isa = PBXBuildFile; fileRef = 39D5782D2AB3CE7000E11D13 /* PlanetData.swift */; };
		39D578332AB3CE8700E11D13 /* PlanetModel.swift in Sources */ = {isa = PBXBuildFile; fileRef = 39D578322AB3CE8700E11D13 /* PlanetModel.swift */; };
		39D578342AB3CE8700E11D13 /* PlanetModel.swift in Sources */ = {isa = PBXBuildFile; fileRef = 39D578322AB3CE8700E11D13 /* PlanetModel.swift */; };
		39D578352AB3CE8700E11D13 /* PlanetModel.swift in Sources */ = {isa = PBXBuildFile; fileRef = 39D578322AB3CE8700E11D13 /* PlanetModel.swift */; };
		39D578382AB3CEA800E11D13 /* CardView.swift in Sources */ = {isa = PBXBuildFile; fileRef = 39D578372AB3CEA800E11D13 /* CardView.swift */; };
		39D578392AB3CEA800E11D13 /* CardView.swift in Sources */ = {isa = PBXBuildFile; fileRef = 39D578372AB3CEA800E11D13 /* CardView.swift */; };
		39D5783A2AB3CEA800E11D13 /* CardView.swift in Sources */ = {isa = PBXBuildFile; fileRef = 39D578372AB3CEA800E11D13 /* CardView.swift */; };
		39D5783C2AB3CEBC00E11D13 /* ButtonView.swift in Sources */ = {isa = PBXBuildFile; fileRef = 39D5783B2AB3CEBC00E11D13 /* ButtonView.swift */; };
		39D5783D2AB3CEBC00E11D13 /* ButtonView.swift in Sources */ = {isa = PBXBuildFile; fileRef = 39D5783B2AB3CEBC00E11D13 /* ButtonView.swift */; };
		39D5783E2AB3CEBC00E11D13 /* ButtonView.swift in Sources */ = {isa = PBXBuildFile; fileRef = 39D5783B2AB3CEBC00E11D13 /* ButtonView.swift */; };
		39D578442AB3CEDC00E11D13 /* PlanetView.swift in Sources */ = {isa = PBXBuildFile; fileRef = 39D578432AB3CEDC00E11D13 /* PlanetView.swift */; };
		39D578452AB3CEDC00E11D13 /* PlanetView.swift in Sources */ = {isa = PBXBuildFile; fileRef = 39D578432AB3CEDC00E11D13 /* PlanetView.swift */; };
		39D578462AB3CEDC00E11D13 /* PlanetView.swift in Sources */ = {isa = PBXBuildFile; fileRef = 39D578432AB3CEDC00E11D13 /* PlanetView.swift */; };
		39D578482AB3CEEA00E11D13 /* LoginView.swift in Sources */ = {isa = PBXBuildFile; fileRef = 39D578472AB3CEEA00E11D13 /* LoginView.swift */; };
		39D578492AB3CEEA00E11D13 /* LoginView.swift in Sources */ = {isa = PBXBuildFile; fileRef = 39D578472AB3CEEA00E11D13 /* LoginView.swift */; };
		39D5784A2AB3CEEA00E11D13 /* LoginView.swift in Sources */ = {isa = PBXBuildFile; fileRef = 39D578472AB3CEEA00E11D13 /* LoginView.swift */; };
		39D5784C2AB3CF0200E11D13 /* SignupView.swift in Sources */ = {isa = PBXBuildFile; fileRef = 39D5784B2AB3CF0200E11D13 /* SignupView.swift */; };
		39D5784E2AB3CF1900E11D13 /* OnbordingView.swift in Sources */ = {isa = PBXBuildFile; fileRef = 39D5784D2AB3CF1900E11D13 /* OnbordingView.swift */; };
		39D578512AB3D02E00E11D13 /* Jupiter.usdz in Resources */ = {isa = PBXBuildFile; fileRef = 39D578502AB3D02D00E11D13 /* Jupiter.usdz */; };
		39D578522AB3D02E00E11D13 /* Jupiter.usdz in Resources */ = {isa = PBXBuildFile; fileRef = 39D578502AB3D02D00E11D13 /* Jupiter.usdz */; };
		39D578532AB3D02E00E11D13 /* Jupiter.usdz in Resources */ = {isa = PBXBuildFile; fileRef = 39D578502AB3D02D00E11D13 /* Jupiter.usdz */; };
		39D578552AB3D04000E11D13 /* Mercury.usdz in Resources */ = {isa = PBXBuildFile; fileRef = 39D578542AB3D04000E11D13 /* Mercury.usdz */; };
		39D578562AB3D04000E11D13 /* Mercury.usdz in Resources */ = {isa = PBXBuildFile; fileRef = 39D578542AB3D04000E11D13 /* Mercury.usdz */; };
		39D578572AB3D04000E11D13 /* Mercury.usdz in Resources */ = {isa = PBXBuildFile; fileRef = 39D578542AB3D04000E11D13 /* Mercury.usdz */; };
		39D578592AB3D04900E11D13 /* Venus.usdz in Resources */ = {isa = PBXBuildFile; fileRef = 39D578582AB3D04900E11D13 /* Venus.usdz */; };
		39D5785A2AB3D04900E11D13 /* Venus.usdz in Resources */ = {isa = PBXBuildFile; fileRef = 39D578582AB3D04900E11D13 /* Venus.usdz */; };
		39D5785B2AB3D04900E11D13 /* Venus.usdz in Resources */ = {isa = PBXBuildFile; fileRef = 39D578582AB3D04900E11D13 /* Venus.usdz */; };
		39D5785D2AB3D04D00E11D13 /* Neptune.usdz in Resources */ = {isa = PBXBuildFile; fileRef = 39D5785C2AB3D04D00E11D13 /* Neptune.usdz */; };
		39D5785E2AB3D04D00E11D13 /* Neptune.usdz in Resources */ = {isa = PBXBuildFile; fileRef = 39D5785C2AB3D04D00E11D13 /* Neptune.usdz */; };
		39D5785F2AB3D04D00E11D13 /* Neptune.usdz in Resources */ = {isa = PBXBuildFile; fileRef = 39D5785C2AB3D04D00E11D13 /* Neptune.usdz */; };
		39D578612AB3D05300E11D13 /* Uranus.usdz in Resources */ = {isa = PBXBuildFile; fileRef = 39D578602AB3D05300E11D13 /* Uranus.usdz */; };
		39D578622AB3D05300E11D13 /* Uranus.usdz in Resources */ = {isa = PBXBuildFile; fileRef = 39D578602AB3D05300E11D13 /* Uranus.usdz */; };
		39D578632AB3D05300E11D13 /* Uranus.usdz in Resources */ = {isa = PBXBuildFile; fileRef = 39D578602AB3D05300E11D13 /* Uranus.usdz */; };
		39D578652AB3D06400E11D13 /* Earth.usdz in Resources */ = {isa = PBXBuildFile; fileRef = 39D578642AB3D06400E11D13 /* Earth.usdz */; };
		39D578662AB3D06400E11D13 /* Earth.usdz in Resources */ = {isa = PBXBuildFile; fileRef = 39D578642AB3D06400E11D13 /* Earth.usdz */; };
		39D578672AB3D06400E11D13 /* Earth.usdz in Resources */ = {isa = PBXBuildFile; fileRef = 39D578642AB3D06400E11D13 /* Earth.usdz */; };
		39D578692AB3D06900E11D13 /* Moon.usdz in Resources */ = {isa = PBXBuildFile; fileRef = 39D578682AB3D06900E11D13 /* Moon.usdz */; };
		39D5786A2AB3D06900E11D13 /* Moon.usdz in Resources */ = {isa = PBXBuildFile; fileRef = 39D578682AB3D06900E11D13 /* Moon.usdz */; };
		39D5786B2AB3D06900E11D13 /* Moon.usdz in Resources */ = {isa = PBXBuildFile; fileRef = 39D578682AB3D06900E11D13 /* Moon.usdz */; };
		39D5786D2AB3D06F00E11D13 /* Saturn.usdz in Resources */ = {isa = PBXBuildFile; fileRef = 39D5786C2AB3D06F00E11D13 /* Saturn.usdz */; };
		39D5786E2AB3D06F00E11D13 /* Saturn.usdz in Resources */ = {isa = PBXBuildFile; fileRef = 39D5786C2AB3D06F00E11D13 /* Saturn.usdz */; };
		39D5786F2AB3D06F00E11D13 /* Saturn.usdz in Resources */ = {isa = PBXBuildFile; fileRef = 39D5786C2AB3D06F00E11D13 /* Saturn.usdz */; };
		39D578712AB40FEA00E11D13 /* CalculatorView.swift in Sources */ = {isa = PBXBuildFile; fileRef = 39D578702AB40FEA00E11D13 /* CalculatorView.swift */; };
		39D578722AB40FEA00E11D13 /* CalculatorView.swift in Sources */ = {isa = PBXBuildFile; fileRef = 39D578702AB40FEA00E11D13 /* CalculatorView.swift */; };
		39D578732AB40FEA00E11D13 /* CalculatorView.swift in Sources */ = {isa = PBXBuildFile; fileRef = 39D578702AB40FEA00E11D13 /* CalculatorView.swift */; };
		39D578762AB4DA1200E11D13 /* FirebaseManager.swift in Sources */ = {isa = PBXBuildFile; fileRef = 39D578752AB4DA1200E11D13 /* FirebaseManager.swift */; };
		39D578772AB4DA1200E11D13 /* FirebaseManager.swift in Sources */ = {isa = PBXBuildFile; fileRef = 39D578752AB4DA1200E11D13 /* FirebaseManager.swift */; };
		39D578782AB4DA1200E11D13 /* FirebaseManager.swift in Sources */ = {isa = PBXBuildFile; fileRef = 39D578752AB4DA1200E11D13 /* FirebaseManager.swift */; };
		39D5788D2AB4DD6800E11D13 /* GoogleService-Info.plist in Resources */ = {isa = PBXBuildFile; fileRef = 39D5788C2AB4DD6800E11D13 /* GoogleService-Info.plist */; };
		39D5788E2AB4DD6800E11D13 /* GoogleService-Info.plist in Resources */ = {isa = PBXBuildFile; fileRef = 39D5788C2AB4DD6800E11D13 /* GoogleService-Info.plist */; };
		39D5788F2AB4DD6800E11D13 /* GoogleService-Info.plist in Resources */ = {isa = PBXBuildFile; fileRef = 39D5788C2AB4DD6800E11D13 /* GoogleService-Info.plist */; };
		39D5789E2AB508E800E11D13 /* UserProfile.swift in Sources */ = {isa = PBXBuildFile; fileRef = 39D5789D2AB508E800E11D13 /* UserProfile.swift */; };
		39D5789F2AB508E800E11D13 /* UserProfile.swift in Sources */ = {isa = PBXBuildFile; fileRef = 39D5789D2AB508E800E11D13 /* UserProfile.swift */; };
		39D578A02AB508E800E11D13 /* UserProfile.swift in Sources */ = {isa = PBXBuildFile; fileRef = 39D5789D2AB508E800E11D13 /* UserProfile.swift */; };
/* End PBXBuildFile section */

/* Begin PBXContainerItemProxy section */
		39D577FD2AB3CA8700E11D13 /* PBXContainerItemProxy */ = {
			isa = PBXContainerItemProxy;
			containerPortal = 39D577E22AB3CA8700E11D13 /* Project object */;
			proxyType = 1;
			remoteGlobalIDString = 39D577E92AB3CA8700E11D13;
			remoteInfo = CosmicAtlas;
		};
		39D578072AB3CA8700E11D13 /* PBXContainerItemProxy */ = {
			isa = PBXContainerItemProxy;
			containerPortal = 39D577E22AB3CA8700E11D13 /* Project object */;
			proxyType = 1;
			remoteGlobalIDString = 39D577E92AB3CA8700E11D13;
			remoteInfo = CosmicAtlas;
		};
/* End PBXContainerItemProxy section */

/* Begin PBXFileReference section */
		3960D0132AB51C1100F1B93E /* DetailView.swift */ = {isa = PBXFileReference; lastKnownFileType = sourcecode.swift; path = DetailView.swift; sourceTree = "<group>"; };
		3960D0152AB5271600F1B93E /* Pluto.usdz */ = {isa = PBXFileReference; lastKnownFileType = file.usdz; path = Pluto.usdz; sourceTree = "<group>"; };
		3978F6662AC8A77100E671B6 /* ProfileView.swift */ = {isa = PBXFileReference; lastKnownFileType = sourcecode.swift; path = ProfileView.swift; sourceTree = "<group>"; };
		397900EE2AC229010000D70C /* API.swift */ = {isa = PBXFileReference; lastKnownFileType = sourcecode.swift; path = API.swift; sourceTree = "<group>"; };
		397900F02AC229860000D70C /* NewsLive.swift */ = {isa = PBXFileReference; lastKnownFileType = sourcecode.swift; path = NewsLive.swift; sourceTree = "<group>"; };
		397900F52AC22A480000D70C /* NewsView.swift */ = {isa = PBXFileReference; lastKnownFileType = sourcecode.swift; path = NewsView.swift; sourceTree = "<group>"; };
		397901012AC3993C0000D70C /* animation_ln0x2yob.json */ = {isa = PBXFileReference; fileEncoding = 4; lastKnownFileType = text.json; path = animation_ln0x2yob.json; sourceTree = "<group>"; };
		39D12A032ADF0A61007A8BEB /* CosmicATLAS.gif */ = {isa = PBXFileReference; lastKnownFileType = image.gif; path = CosmicATLAS.gif; sourceTree = "<group>"; };
		39D577EA2AB3CA8700E11D13 /* CosmicAtlas.app */ = {isa = PBXFileReference; explicitFileType = wrapper.application; includeInIndex = 0; path = CosmicAtlas.app; sourceTree = BUILT_PRODUCTS_DIR; };
		39D577EF2AB3CA8700E11D13 /* ContentView.swift */ = {isa = PBXFileReference; lastKnownFileType = sourcecode.swift; path = ContentView.swift; sourceTree = "<group>"; };
		39D577F12AB3CA8700E11D13 /* Experience.rcproject */ = {isa = PBXFileReference; lastKnownFileType = file.rcproject; path = Experience.rcproject; sourceTree = "<group>"; };
		39D577F32AB3CA8700E11D13 /* Assets.xcassets */ = {isa = PBXFileReference; lastKnownFileType = folder.assetcatalog; path = Assets.xcassets; sourceTree = "<group>"; };
		39D577F62AB3CA8700E11D13 /* Preview Assets.xcassets */ = {isa = PBXFileReference; lastKnownFileType = folder.assetcatalog; path = "Preview Assets.xcassets"; sourceTree = "<group>"; };
		39D577FC2AB3CA8700E11D13 /* CosmicAtlasTests.xctest */ = {isa = PBXFileReference; explicitFileType = wrapper.cfbundle; includeInIndex = 0; path = CosmicAtlasTests.xctest; sourceTree = BUILT_PRODUCTS_DIR; };
		39D578002AB3CA8700E11D13 /* CosmicAtlasTests.swift */ = {isa = PBXFileReference; lastKnownFileType = sourcecode.swift; path = CosmicAtlasTests.swift; sourceTree = "<group>"; };
		39D578062AB3CA8700E11D13 /* CosmicAtlasUITests.xctest */ = {isa = PBXFileReference; explicitFileType = wrapper.cfbundle; includeInIndex = 0; path = CosmicAtlasUITests.xctest; sourceTree = BUILT_PRODUCTS_DIR; };
		39D5780A2AB3CA8700E11D13 /* CosmicAtlasUITests.swift */ = {isa = PBXFileReference; lastKnownFileType = sourcecode.swift; path = CosmicAtlasUITests.swift; sourceTree = "<group>"; };
		39D5780C2AB3CA8700E11D13 /* CosmicAtlasUITestsLaunchTests.swift */ = {isa = PBXFileReference; lastKnownFileType = sourcecode.swift; path = CosmicAtlasUITestsLaunchTests.swift; sourceTree = "<group>"; };
		39D578192AB3CB1B00E11D13 /* CosmicAtlasApp.swift */ = {isa = PBXFileReference; lastKnownFileType = sourcecode.swift; path = CosmicAtlasApp.swift; sourceTree = "<group>"; };
		39D578232AB3CD4300E11D13 /* Mars.usdz */ = {isa = PBXFileReference; lastKnownFileType = file.usdz; path = Mars.usdz; sourceTree = "<group>"; };
		39D578272AB3CDC900E11D13 /* Sun.usdz */ = {isa = PBXFileReference; lastKnownFileType = file.usdz; path = Sun.usdz; sourceTree = "<group>"; };
		39D5782D2AB3CE7000E11D13 /* PlanetData.swift */ = {isa = PBXFileReference; lastKnownFileType = sourcecode.swift; path = PlanetData.swift; sourceTree = "<group>"; };
		39D578322AB3CE8700E11D13 /* PlanetModel.swift */ = {isa = PBXFileReference; lastKnownFileType = sourcecode.swift; path = PlanetModel.swift; sourceTree = "<group>"; };
		39D578372AB3CEA800E11D13 /* CardView.swift */ = {isa = PBXFileReference; lastKnownFileType = sourcecode.swift; path = CardView.swift; sourceTree = "<group>"; };
		39D5783B2AB3CEBC00E11D13 /* ButtonView.swift */ = {isa = PBXFileReference; lastKnownFileType = sourcecode.swift; path = ButtonView.swift; sourceTree = "<group>"; };
		39D578432AB3CEDC00E11D13 /* PlanetView.swift */ = {isa = PBXFileReference; lastKnownFileType = sourcecode.swift; path = PlanetView.swift; sourceTree = "<group>"; };
		39D578472AB3CEEA00E11D13 /* LoginView.swift */ = {isa = PBXFileReference; lastKnownFileType = sourcecode.swift; path = LoginView.swift; sourceTree = "<group>"; };
		39D5784B2AB3CF0200E11D13 /* SignupView.swift */ = {isa = PBXFileReference; lastKnownFileType = sourcecode.swift; path = SignupView.swift; sourceTree = "<group>"; };
		39D5784D2AB3CF1900E11D13 /* OnbordingView.swift */ = {isa = PBXFileReference; lastKnownFileType = sourcecode.swift; path = OnbordingView.swift; sourceTree = "<group>"; };
		39D578502AB3D02D00E11D13 /* Jupiter.usdz */ = {isa = PBXFileReference; lastKnownFileType = file.usdz; path = Jupiter.usdz; sourceTree = "<group>"; };
		39D578542AB3D04000E11D13 /* Mercury.usdz */ = {isa = PBXFileReference; lastKnownFileType = file.usdz; path = Mercury.usdz; sourceTree = "<group>"; };
		39D578582AB3D04900E11D13 /* Venus.usdz */ = {isa = PBXFileReference; lastKnownFileType = file.usdz; path = Venus.usdz; sourceTree = "<group>"; };
		39D5785C2AB3D04D00E11D13 /* Neptune.usdz */ = {isa = PBXFileReference; lastKnownFileType = file.usdz; path = Neptune.usdz; sourceTree = "<group>"; };
		39D578602AB3D05300E11D13 /* Uranus.usdz */ = {isa = PBXFileReference; lastKnownFileType = file.usdz; path = Uranus.usdz; sourceTree = "<group>"; };
		39D578642AB3D06400E11D13 /* Earth.usdz */ = {isa = PBXFileReference; lastKnownFileType = file.usdz; path = Earth.usdz; sourceTree = "<group>"; };
		39D578682AB3D06900E11D13 /* Moon.usdz */ = {isa = PBXFileReference; lastKnownFileType = file.usdz; path = Moon.usdz; sourceTree = "<group>"; };
		39D5786C2AB3D06F00E11D13 /* Saturn.usdz */ = {isa = PBXFileReference; lastKnownFileType = file.usdz; path = Saturn.usdz; sourceTree = "<group>"; };
		39D578702AB40FEA00E11D13 /* CalculatorView.swift */ = {isa = PBXFileReference; lastKnownFileType = sourcecode.swift; path = CalculatorView.swift; sourceTree = "<group>"; };
		39D578752AB4DA1200E11D13 /* FirebaseManager.swift */ = {isa = PBXFileReference; lastKnownFileType = sourcecode.swift; path = FirebaseManager.swift; sourceTree = "<group>"; };
		39D5788C2AB4DD6800E11D13 /* GoogleService-Info.plist */ = {isa = PBXFileReference; fileEncoding = 4; lastKnownFileType = text.plist.xml; path = "GoogleService-Info.plist"; sourceTree = "<group>"; };
		39D5789D2AB508E800E11D13 /* UserProfile.swift */ = {isa = PBXFileReference; lastKnownFileType = sourcecode.swift; path = UserProfile.swift; sourceTree = "<group>"; };
/* End PBXFileReference section */

/* Begin PBXFrameworksBuildPhase section */
		39D577E72AB3CA8700E11D13 /* Frameworks */ = {
			isa = PBXFrameworksBuildPhase;
			buildActionMask = 2147483647;
			files = (
				3956F4B12ADC90BF00EA601E /* FirebaseDatabaseSwift in Frameworks */,
				3956F4AF2ADC90BF00EA601E /* FirebaseDatabase in Frameworks */,
				3956F4A32ADC88F900EA601E /* Lottie in Frameworks */,
				3956F4B52ADC90BF00EA601E /* FirebaseFirestoreCombine-Community in Frameworks */,
				3956F4A62ADC89E500EA601E /* CachedAsyncImage in Frameworks */,
				3956F4B72ADC90BF00EA601E /* FirebaseFirestoreSwift in Frameworks */,
				3956F4A92ADC90BF00EA601E /* FirebaseAnalytics in Frameworks */,
				3956F4B32ADC90BF00EA601E /* FirebaseFirestore in Frameworks */,
				3956F4B92ADC90BF00EA601E /* FirebaseStorage in Frameworks */,
				3956F4AB2ADC90BF00EA601E /* FirebaseAuth in Frameworks */,
				3956F4BB2ADC90BF00EA601E /* FirebaseStorageCombine-Community in Frameworks */,
				3956F4AD2ADC90BF00EA601E /* FirebaseAuthCombine-Community in Frameworks */,
			);
			runOnlyForDeploymentPostprocessing = 0;
		};
		39D577F92AB3CA8700E11D13 /* Frameworks */ = {
			isa = PBXFrameworksBuildPhase;
			buildActionMask = 2147483647;
			files = (
			);
			runOnlyForDeploymentPostprocessing = 0;
		};
		39D578032AB3CA8700E11D13 /* Frameworks */ = {
			isa = PBXFrameworksBuildPhase;
			buildActionMask = 2147483647;
			files = (
			);
			runOnlyForDeploymentPostprocessing = 0;
		};
/* End PBXFrameworksBuildPhase section */

/* Begin PBXGroup section */
		397900ED2AC228E30000D70C /* API */ = {
			isa = PBXGroup;
			children = (
				397900EE2AC229010000D70C /* API.swift */,
			);
			path = API;
			sourceTree = "<group>";
		};
		39D577E12AB3CA8700E11D13 = {
			isa = PBXGroup;
			children = (
				39D577EC2AB3CA8700E11D13 /* CosmicAtlas */,
				39D577FF2AB3CA8700E11D13 /* CosmicAtlasTests */,
				39D578092AB3CA8700E11D13 /* CosmicAtlasUITests */,
				39D577EB2AB3CA8700E11D13 /* Products */,
			);
			sourceTree = "<group>";
		};
		39D577EB2AB3CA8700E11D13 /* Products */ = {
			isa = PBXGroup;
			children = (
				39D577EA2AB3CA8700E11D13 /* CosmicAtlas.app */,
				39D577FC2AB3CA8700E11D13 /* CosmicAtlasTests.xctest */,
				39D578062AB3CA8700E11D13 /* CosmicAtlasUITests.xctest */,
			);
			name = Products;
			sourceTree = "<group>";
		};
		39D577EC2AB3CA8700E11D13 /* CosmicAtlas */ = {
			isa = PBXGroup;
			children = (
				397900ED2AC228E30000D70C /* API */,
				39D578742AB4D9E800E11D13 /* Managers */,
				39D578362AB3CE9900E11D13 /* Views */,
				39D578312AB3CE7600E11D13 /* Model */,
				39D5782C2AB3CE5900E11D13 /* Data */,
				39D5782B2AB3CE2B00E11D13 /* App */,
				39D577F12AB3CA8700E11D13 /* Experience.rcproject */,
				397901012AC3993C0000D70C /* animation_ln0x2yob.json */,
				39D577F32AB3CA8700E11D13 /* Assets.xcassets */,
				39D5788C2AB4DD6800E11D13 /* GoogleService-Info.plist */,
				39D12A032ADF0A61007A8BEB /* CosmicATLAS.gif */,
				39D5784F2AB3CF2200E11D13 /* 3D Model */,
				39D577F52AB3CA8700E11D13 /* Preview Content */,
			);
			path = CosmicAtlas;
			sourceTree = "<group>";
		};
		39D577F52AB3CA8700E11D13 /* Preview Content */ = {
			isa = PBXGroup;
			children = (
				39D577F62AB3CA8700E11D13 /* Preview Assets.xcassets */,
			);
			path = "Preview Content";
			sourceTree = "<group>";
		};
		39D577FF2AB3CA8700E11D13 /* CosmicAtlasTests */ = {
			isa = PBXGroup;
			children = (
				39D578002AB3CA8700E11D13 /* CosmicAtlasTests.swift */,
			);
			path = CosmicAtlasTests;
			sourceTree = "<group>";
		};
		39D578092AB3CA8700E11D13 /* CosmicAtlasUITests */ = {
			isa = PBXGroup;
			children = (
				39D5780A2AB3CA8700E11D13 /* CosmicAtlasUITests.swift */,
				39D5780C2AB3CA8700E11D13 /* CosmicAtlasUITestsLaunchTests.swift */,
			);
			path = CosmicAtlasUITests;
			sourceTree = "<group>";
		};
		39D5782B2AB3CE2B00E11D13 /* App */ = {
			isa = PBXGroup;
			children = (
				39D577EF2AB3CA8700E11D13 /* ContentView.swift */,
				39D578192AB3CB1B00E11D13 /* CosmicAtlasApp.swift */,
			);
			path = App;
			sourceTree = "<group>";
		};
		39D5782C2AB3CE5900E11D13 /* Data */ = {
			isa = PBXGroup;
			children = (
				39D5782D2AB3CE7000E11D13 /* PlanetData.swift */,
			);
			path = Data;
			sourceTree = "<group>";
		};
		39D578312AB3CE7600E11D13 /* Model */ = {
			isa = PBXGroup;
			children = (
				39D578322AB3CE8700E11D13 /* PlanetModel.swift */,
				39D5789D2AB508E800E11D13 /* UserProfile.swift */,
			);
			path = Model;
			sourceTree = "<group>";
		};
		39D578362AB3CE9900E11D13 /* Views */ = {
			isa = PBXGroup;
			children = (
				39D578372AB3CEA800E11D13 /* CardView.swift */,
				39D5783B2AB3CEBC00E11D13 /* ButtonView.swift */,
				39D578432AB3CEDC00E11D13 /* PlanetView.swift */,
				39D578472AB3CEEA00E11D13 /* LoginView.swift */,
				39D5784B2AB3CF0200E11D13 /* SignupView.swift */,
				39D578702AB40FEA00E11D13 /* CalculatorView.swift */,
				3960D0132AB51C1100F1B93E /* DetailView.swift */,
				39D5784D2AB3CF1900E11D13 /* OnbordingView.swift */,
				397900F02AC229860000D70C /* NewsLive.swift */,
				397900F52AC22A480000D70C /* NewsView.swift */,
				3978F6662AC8A77100E671B6 /* ProfileView.swift */,
			);
			path = Views;
			sourceTree = "<group>";
		};
		39D5784F2AB3CF2200E11D13 /* 3D Model */ = {
			isa = PBXGroup;
			children = (
				39D578272AB3CDC900E11D13 /* Sun.usdz */,
				39D578232AB3CD4300E11D13 /* Mars.usdz */,
				39D578542AB3D04000E11D13 /* Mercury.usdz */,
				39D5785C2AB3D04D00E11D13 /* Neptune.usdz */,
				39D578682AB3D06900E11D13 /* Moon.usdz */,
				39D5786C2AB3D06F00E11D13 /* Saturn.usdz */,
				3960D0152AB5271600F1B93E /* Pluto.usdz */,
				39D578642AB3D06400E11D13 /* Earth.usdz */,
				39D578602AB3D05300E11D13 /* Uranus.usdz */,
				39D578582AB3D04900E11D13 /* Venus.usdz */,
				39D578502AB3D02D00E11D13 /* Jupiter.usdz */,
			);
			path = "3D Model";
			sourceTree = "<group>";
		};
		39D578742AB4D9E800E11D13 /* Managers */ = {
			isa = PBXGroup;
			children = (
				39D578752AB4DA1200E11D13 /* FirebaseManager.swift */,
			);
			path = Managers;
			sourceTree = "<group>";
		};
/* End PBXGroup section */

/* Begin PBXNativeTarget section */
		39D577E92AB3CA8700E11D13 /* CosmicAtlas */ = {
			isa = PBXNativeTarget;
			buildConfigurationList = 39D578102AB3CA8700E11D13 /* Build configuration list for PBXNativeTarget "CosmicAtlas" */;
			buildPhases = (
				39D577E62AB3CA8700E11D13 /* Sources */,
				39D577E72AB3CA8700E11D13 /* Frameworks */,
				39D577E82AB3CA8700E11D13 /* Resources */,
			);
			buildRules = (
			);
			dependencies = (
			);
			name = CosmicAtlas;
			packageProductDependencies = (
				3956F4A22ADC88F900EA601E /* Lottie */,
				3956F4A52ADC89E500EA601E /* CachedAsyncImage */,
				3956F4A82ADC90BF00EA601E /* FirebaseAnalytics */,
				3956F4AA2ADC90BF00EA601E /* FirebaseAuth */,
				3956F4AC2ADC90BF00EA601E /* FirebaseAuthCombine-Community */,
				3956F4AE2ADC90BF00EA601E /* FirebaseDatabase */,
				3956F4B02ADC90BF00EA601E /* FirebaseDatabaseSwift */,
				3956F4B22ADC90BF00EA601E /* FirebaseFirestore */,
				3956F4B42ADC90BF00EA601E /* FirebaseFirestoreCombine-Community */,
				3956F4B62ADC90BF00EA601E /* FirebaseFirestoreSwift */,
				3956F4B82ADC90BF00EA601E /* FirebaseStorage */,
				3956F4BA2ADC90BF00EA601E /* FirebaseStorageCombine-Community */,
			);
			productName = CosmicAtlas;
			productReference = 39D577EA2AB3CA8700E11D13 /* CosmicAtlas.app */;
			productType = "com.apple.product-type.application";
		};
		39D577FB2AB3CA8700E11D13 /* CosmicAtlasTests */ = {
			isa = PBXNativeTarget;
			buildConfigurationList = 39D578132AB3CA8700E11D13 /* Build configuration list for PBXNativeTarget "CosmicAtlasTests" */;
			buildPhases = (
				39D577F82AB3CA8700E11D13 /* Sources */,
				39D577F92AB3CA8700E11D13 /* Frameworks */,
				39D577FA2AB3CA8700E11D13 /* Resources */,
			);
			buildRules = (
			);
			dependencies = (
				39D577FE2AB3CA8700E11D13 /* PBXTargetDependency */,
			);
			name = CosmicAtlasTests;
			productName = CosmicAtlasTests;
			productReference = 39D577FC2AB3CA8700E11D13 /* CosmicAtlasTests.xctest */;
			productType = "com.apple.product-type.bundle.unit-test";
		};
		39D578052AB3CA8700E11D13 /* CosmicAtlasUITests */ = {
			isa = PBXNativeTarget;
			buildConfigurationList = 39D578162AB3CA8700E11D13 /* Build configuration list for PBXNativeTarget "CosmicAtlasUITests" */;
			buildPhases = (
				39D578022AB3CA8700E11D13 /* Sources */,
				39D578032AB3CA8700E11D13 /* Frameworks */,
				39D578042AB3CA8700E11D13 /* Resources */,
			);
			buildRules = (
			);
			dependencies = (
				39D578082AB3CA8700E11D13 /* PBXTargetDependency */,
			);
			name = CosmicAtlasUITests;
			productName = CosmicAtlasUITests;
			productReference = 39D578062AB3CA8700E11D13 /* CosmicAtlasUITests.xctest */;
			productType = "com.apple.product-type.bundle.ui-testing";
		};
/* End PBXNativeTarget section */

/* Begin PBXProject section */
		39D577E22AB3CA8700E11D13 /* Project object */ = {
			isa = PBXProject;
			attributes = {
				BuildIndependentTargetsInParallel = 1;
				LastSwiftUpdateCheck = 1430;
				LastUpgradeCheck = 1430;
				TargetAttributes = {
					39D577E92AB3CA8700E11D13 = {
						CreatedOnToolsVersion = 14.3.1;
					};
					39D577FB2AB3CA8700E11D13 = {
						CreatedOnToolsVersion = 14.3.1;
						TestTargetID = 39D577E92AB3CA8700E11D13;
					};
					39D578052AB3CA8700E11D13 = {
						CreatedOnToolsVersion = 14.3.1;
						TestTargetID = 39D577E92AB3CA8700E11D13;
					};
				};
			};
			buildConfigurationList = 39D577E52AB3CA8700E11D13 /* Build configuration list for PBXProject "CosmicAtlas" */;
			compatibilityVersion = "Xcode 14.0";
			developmentRegion = en;
			hasScannedForEncodings = 0;
			knownRegions = (
				en,
				Base,
			);
			mainGroup = 39D577E12AB3CA8700E11D13;
			packageReferences = (
				3956F4A12ADC88F900EA601E /* XCRemoteSwiftPackageReference "lottie-ios" */,
				3956F4A42ADC89E500EA601E /* XCRemoteSwiftPackageReference "swiftui-cached-async-image" */,
				3956F4A72ADC90BF00EA601E /* XCRemoteSwiftPackageReference "firebase-ios-sdk" */,
			);
			productRefGroup = 39D577EB2AB3CA8700E11D13 /* Products */;
			projectDirPath = "";
			projectRoot = "";
			targets = (
				39D577E92AB3CA8700E11D13 /* CosmicAtlas */,
				39D577FB2AB3CA8700E11D13 /* CosmicAtlasTests */,
				39D578052AB3CA8700E11D13 /* CosmicAtlasUITests */,
			);
		};
/* End PBXProject section */

/* Begin PBXResourcesBuildPhase section */
		39D577E82AB3CA8700E11D13 /* Resources */ = {
			isa = PBXResourcesBuildPhase;
			buildActionMask = 2147483647;
			files = (
				39D5786D2AB3D06F00E11D13 /* Saturn.usdz in Resources */,
				39D577F72AB3CA8700E11D13 /* Preview Assets.xcassets in Resources */,
				3960D0162AB5271600F1B93E /* Pluto.usdz in Resources */,
				39D578512AB3D02E00E11D13 /* Jupiter.usdz in Resources */,
				39D578592AB3D04900E11D13 /* Venus.usdz in Resources */,
				39D578242AB3CD4300E11D13 /* Mars.usdz in Resources */,
				39D578612AB3D05300E11D13 /* Uranus.usdz in Resources */,
				39D12A042ADF0A61007A8BEB /* CosmicATLAS.gif in Resources */,
				39D578282AB3CDC900E11D13 /* Sun.usdz in Resources */,
				39D5788D2AB4DD6800E11D13 /* GoogleService-Info.plist in Resources */,
				39D578652AB3D06400E11D13 /* Earth.usdz in Resources */,
				39D578692AB3D06900E11D13 /* Moon.usdz in Resources */,
				397901022AC3993C0000D70C /* animation_ln0x2yob.json in Resources */,
				39D577F42AB3CA8700E11D13 /* Assets.xcassets in Resources */,
				39D578552AB3D04000E11D13 /* Mercury.usdz in Resources */,
				39D5785D2AB3D04D00E11D13 /* Neptune.usdz in Resources */,
			);
			runOnlyForDeploymentPostprocessing = 0;
		};
		39D577FA2AB3CA8700E11D13 /* Resources */ = {
			isa = PBXResourcesBuildPhase;
			buildActionMask = 2147483647;
			files = (
				39D5786A2AB3D06900E11D13 /* Moon.usdz in Resources */,
				39D578522AB3D02E00E11D13 /* Jupiter.usdz in Resources */,
				39D578622AB3D05300E11D13 /* Uranus.usdz in Resources */,
				39D578662AB3D06400E11D13 /* Earth.usdz in Resources */,
				39D5785A2AB3D04900E11D13 /* Venus.usdz in Resources */,
				39D5788E2AB4DD6800E11D13 /* GoogleService-Info.plist in Resources */,
				39D578292AB3CDC900E11D13 /* Sun.usdz in Resources */,
				39D5786E2AB3D06F00E11D13 /* Saturn.usdz in Resources */,
				39D578252AB3CD4300E11D13 /* Mars.usdz in Resources */,
				39D578562AB3D04000E11D13 /* Mercury.usdz in Resources */,
				39D5785E2AB3D04D00E11D13 /* Neptune.usdz in Resources */,
			);
			runOnlyForDeploymentPostprocessing = 0;
		};
		39D578042AB3CA8700E11D13 /* Resources */ = {
			isa = PBXResourcesBuildPhase;
			buildActionMask = 2147483647;
			files = (
				39D5786B2AB3D06900E11D13 /* Moon.usdz in Resources */,
				39D578532AB3D02E00E11D13 /* Jupiter.usdz in Resources */,
				39D578632AB3D05300E11D13 /* Uranus.usdz in Resources */,
				39D578672AB3D06400E11D13 /* Earth.usdz in Resources */,
				39D5785B2AB3D04900E11D13 /* Venus.usdz in Resources */,
				39D5788F2AB4DD6800E11D13 /* GoogleService-Info.plist in Resources */,
				39D5782A2AB3CDC900E11D13 /* Sun.usdz in Resources */,
				39D5786F2AB3D06F00E11D13 /* Saturn.usdz in Resources */,
				39D578262AB3CD4300E11D13 /* Mars.usdz in Resources */,
				39D578572AB3D04000E11D13 /* Mercury.usdz in Resources */,
				39D5785F2AB3D04D00E11D13 /* Neptune.usdz in Resources */,
			);
			runOnlyForDeploymentPostprocessing = 0;
		};
/* End PBXResourcesBuildPhase section */

/* Begin PBXSourcesBuildPhase section */
		39D577E62AB3CA8700E11D13 /* Sources */ = {
			isa = PBXSourcesBuildPhase;
			buildActionMask = 2147483647;
			files = (
				39D577F02AB3CA8700E11D13 /* ContentView.swift in Sources */,
				39D5782E2AB3CE7000E11D13 /* PlanetData.swift in Sources */,
				3960D0142AB51C1100F1B93E /* DetailView.swift in Sources */,
				39D578762AB4DA1200E11D13 /* FirebaseManager.swift in Sources */,
				39D577F22AB3CA8700E11D13 /* Experience.rcproject in Sources */,
				39D5781A2AB3CB1B00E11D13 /* CosmicAtlasApp.swift in Sources */,
				39D578442AB3CEDC00E11D13 /* PlanetView.swift in Sources */,
				39D578382AB3CEA800E11D13 /* CardView.swift in Sources */,
				397900F12AC229860000D70C /* NewsLive.swift in Sources */,
				39D578332AB3CE8700E11D13 /* PlanetModel.swift in Sources */,
				39D578482AB3CEEA00E11D13 /* LoginView.swift in Sources */,
				397900F62AC22A480000D70C /* NewsView.swift in Sources */,
				3978F6672AC8A77100E671B6 /* ProfileView.swift in Sources */,
				39D5784C2AB3CF0200E11D13 /* SignupView.swift in Sources */,
				39D5789E2AB508E800E11D13 /* UserProfile.swift in Sources */,
				39D5783C2AB3CEBC00E11D13 /* ButtonView.swift in Sources */,
				39D578712AB40FEA00E11D13 /* CalculatorView.swift in Sources */,
				397900EF2AC229010000D70C /* API.swift in Sources */,
				39D5784E2AB3CF1900E11D13 /* OnbordingView.swift in Sources */,
			);
			runOnlyForDeploymentPostprocessing = 0;
		};
		39D577F82AB3CA8700E11D13 /* Sources */ = {
			isa = PBXSourcesBuildPhase;
			buildActionMask = 2147483647;
			files = (
				39D578012AB3CA8700E11D13 /* CosmicAtlasTests.swift in Sources */,
				39D5782F2AB3CE7000E11D13 /* PlanetData.swift in Sources */,
				39D578772AB4DA1200E11D13 /* FirebaseManager.swift in Sources */,
				39D5783D2AB3CEBC00E11D13 /* ButtonView.swift in Sources */,
				39D578452AB3CEDC00E11D13 /* PlanetView.swift in Sources */,
				39D578722AB40FEA00E11D13 /* CalculatorView.swift in Sources */,
				39D5789F2AB508E800E11D13 /* UserProfile.swift in Sources */,
				39D578392AB3CEA800E11D13 /* CardView.swift in Sources */,
				39D578492AB3CEEA00E11D13 /* LoginView.swift in Sources */,
				39D578342AB3CE8700E11D13 /* PlanetModel.swift in Sources */,
			);
			runOnlyForDeploymentPostprocessing = 0;
		};
		39D578022AB3CA8700E11D13 /* Sources */ = {
			isa = PBXSourcesBuildPhase;
			buildActionMask = 2147483647;
			files = (
				39D578732AB40FEA00E11D13 /* CalculatorView.swift in Sources */,
				39D5780D2AB3CA8700E11D13 /* CosmicAtlasUITestsLaunchTests.swift in Sources */,
				39D578462AB3CEDC00E11D13 /* PlanetView.swift in Sources */,
				39D578782AB4DA1200E11D13 /* FirebaseManager.swift in Sources */,
				39D5784A2AB3CEEA00E11D13 /* LoginView.swift in Sources */,
				39D578352AB3CE8700E11D13 /* PlanetModel.swift in Sources */,
				39D5783E2AB3CEBC00E11D13 /* ButtonView.swift in Sources */,
				39D5780B2AB3CA8700E11D13 /* CosmicAtlasUITests.swift in Sources */,
				39D578302AB3CE7000E11D13 /* PlanetData.swift in Sources */,
				39D5783A2AB3CEA800E11D13 /* CardView.swift in Sources */,
				39D578A02AB508E800E11D13 /* UserProfile.swift in Sources */,
			);
			runOnlyForDeploymentPostprocessing = 0;
		};
/* End PBXSourcesBuildPhase section */

/* Begin PBXTargetDependency section */
		39D577FE2AB3CA8700E11D13 /* PBXTargetDependency */ = {
			isa = PBXTargetDependency;
			target = 39D577E92AB3CA8700E11D13 /* CosmicAtlas */;
			targetProxy = 39D577FD2AB3CA8700E11D13 /* PBXContainerItemProxy */;
		};
		39D578082AB3CA8700E11D13 /* PBXTargetDependency */ = {
			isa = PBXTargetDependency;
			target = 39D577E92AB3CA8700E11D13 /* CosmicAtlas */;
			targetProxy = 39D578072AB3CA8700E11D13 /* PBXContainerItemProxy */;
		};
/* End PBXTargetDependency section */

/* Begin XCBuildConfiguration section */
		39D5780E2AB3CA8700E11D13 /* Debug */ = {
			isa = XCBuildConfiguration;
			buildSettings = {
				ALWAYS_SEARCH_USER_PATHS = NO;
				CLANG_ANALYZER_NONNULL = YES;
				CLANG_ANALYZER_NUMBER_OBJECT_CONVERSION = YES_AGGRESSIVE;
				CLANG_CXX_LANGUAGE_STANDARD = "gnu++20";
				CLANG_ENABLE_MODULES = YES;
				CLANG_ENABLE_OBJC_ARC = YES;
				CLANG_ENABLE_OBJC_WEAK = YES;
				CLANG_WARN_BLOCK_CAPTURE_AUTORELEASING = YES;
				CLANG_WARN_BOOL_CONVERSION = YES;
				CLANG_WARN_COMMA = YES;
				CLANG_WARN_CONSTANT_CONVERSION = YES;
				CLANG_WARN_DEPRECATED_OBJC_IMPLEMENTATIONS = YES;
				CLANG_WARN_DIRECT_OBJC_ISA_USAGE = YES_ERROR;
				CLANG_WARN_DOCUMENTATION_COMMENTS = YES;
				CLANG_WARN_EMPTY_BODY = YES;
				CLANG_WARN_ENUM_CONVERSION = YES;
				CLANG_WARN_INFINITE_RECURSION = YES;
				CLANG_WARN_INT_CONVERSION = YES;
				CLANG_WARN_NON_LITERAL_NULL_CONVERSION = YES;
				CLANG_WARN_OBJC_IMPLICIT_RETAIN_SELF = YES;
				CLANG_WARN_OBJC_LITERAL_CONVERSION = YES;
				CLANG_WARN_OBJC_ROOT_CLASS = YES_ERROR;
				CLANG_WARN_QUOTED_INCLUDE_IN_FRAMEWORK_HEADER = YES;
				CLANG_WARN_RANGE_LOOP_ANALYSIS = YES;
				CLANG_WARN_STRICT_PROTOTYPES = YES;
				CLANG_WARN_SUSPICIOUS_MOVE = YES;
				CLANG_WARN_UNGUARDED_AVAILABILITY = YES_AGGRESSIVE;
				CLANG_WARN_UNREACHABLE_CODE = YES;
				CLANG_WARN__DUPLICATE_METHOD_MATCH = YES;
				COPY_PHASE_STRIP = NO;
				DEBUG_INFORMATION_FORMAT = dwarf;
				ENABLE_STRICT_OBJC_MSGSEND = YES;
				ENABLE_TESTABILITY = YES;
				GCC_C_LANGUAGE_STANDARD = gnu11;
				GCC_DYNAMIC_NO_PIC = NO;
				GCC_NO_COMMON_BLOCKS = YES;
				GCC_OPTIMIZATION_LEVEL = 0;
				GCC_PREPROCESSOR_DEFINITIONS = (
					"DEBUG=1",
					"$(inherited)",
				);
				GCC_WARN_64_TO_32_BIT_CONVERSION = YES;
				GCC_WARN_ABOUT_RETURN_TYPE = YES_ERROR;
				GCC_WARN_UNDECLARED_SELECTOR = YES;
				GCC_WARN_UNINITIALIZED_AUTOS = YES_AGGRESSIVE;
				GCC_WARN_UNUSED_FUNCTION = YES;
				GCC_WARN_UNUSED_VARIABLE = YES;
				IPHONEOS_DEPLOYMENT_TARGET = 16.4;
				MTL_ENABLE_DEBUG_INFO = INCLUDE_SOURCE;
				MTL_FAST_MATH = YES;
				ONLY_ACTIVE_ARCH = YES;
				SDKROOT = iphoneos;
				SWIFT_ACTIVE_COMPILATION_CONDITIONS = DEBUG;
				SWIFT_OPTIMIZATION_LEVEL = "-Onone";
			};
			name = Debug;
		};
		39D5780F2AB3CA8700E11D13 /* Release */ = {
			isa = XCBuildConfiguration;
			buildSettings = {
				ALWAYS_SEARCH_USER_PATHS = NO;
				CLANG_ANALYZER_NONNULL = YES;
				CLANG_ANALYZER_NUMBER_OBJECT_CONVERSION = YES_AGGRESSIVE;
				CLANG_CXX_LANGUAGE_STANDARD = "gnu++20";
				CLANG_ENABLE_MODULES = YES;
				CLANG_ENABLE_OBJC_ARC = YES;
				CLANG_ENABLE_OBJC_WEAK = YES;
				CLANG_WARN_BLOCK_CAPTURE_AUTORELEASING = YES;
				CLANG_WARN_BOOL_CONVERSION = YES;
				CLANG_WARN_COMMA = YES;
				CLANG_WARN_CONSTANT_CONVERSION = YES;
				CLANG_WARN_DEPRECATED_OBJC_IMPLEMENTATIONS = YES;
				CLANG_WARN_DIRECT_OBJC_ISA_USAGE = YES_ERROR;
				CLANG_WARN_DOCUMENTATION_COMMENTS = YES;
				CLANG_WARN_EMPTY_BODY = YES;
				CLANG_WARN_ENUM_CONVERSION = YES;
				CLANG_WARN_INFINITE_RECURSION = YES;
				CLANG_WARN_INT_CONVERSION = YES;
				CLANG_WARN_NON_LITERAL_NULL_CONVERSION = YES;
				CLANG_WARN_OBJC_IMPLICIT_RETAIN_SELF = YES;
				CLANG_WARN_OBJC_LITERAL_CONVERSION = YES;
				CLANG_WARN_OBJC_ROOT_CLASS = YES_ERROR;
				CLANG_WARN_QUOTED_INCLUDE_IN_FRAMEWORK_HEADER = YES;
				CLANG_WARN_RANGE_LOOP_ANALYSIS = YES;
				CLANG_WARN_STRICT_PROTOTYPES = YES;
				CLANG_WARN_SUSPICIOUS_MOVE = YES;
				CLANG_WARN_UNGUARDED_AVAILABILITY = YES_AGGRESSIVE;
				CLANG_WARN_UNREACHABLE_CODE = YES;
				CLANG_WARN__DUPLICATE_METHOD_MATCH = YES;
				COPY_PHASE_STRIP = NO;
				DEBUG_INFORMATION_FORMAT = "dwarf-with-dsym";
				ENABLE_NS_ASSERTIONS = NO;
				ENABLE_STRICT_OBJC_MSGSEND = YES;
				GCC_C_LANGUAGE_STANDARD = gnu11;
				GCC_NO_COMMON_BLOCKS = YES;
				GCC_WARN_64_TO_32_BIT_CONVERSION = YES;
				GCC_WARN_ABOUT_RETURN_TYPE = YES_ERROR;
				GCC_WARN_UNDECLARED_SELECTOR = YES;
				GCC_WARN_UNINITIALIZED_AUTOS = YES_AGGRESSIVE;
				GCC_WARN_UNUSED_FUNCTION = YES;
				GCC_WARN_UNUSED_VARIABLE = YES;
				IPHONEOS_DEPLOYMENT_TARGET = 16.4;
				MTL_ENABLE_DEBUG_INFO = NO;
				MTL_FAST_MATH = YES;
				SDKROOT = iphoneos;
				SWIFT_COMPILATION_MODE = wholemodule;
				SWIFT_OPTIMIZATION_LEVEL = "-O";
				VALIDATE_PRODUCT = YES;
			};
			name = Release;
		};
		39D578112AB3CA8700E11D13 /* Debug */ = {
			isa = XCBuildConfiguration;
			buildSettings = {
				ASSETCATALOG_COMPILER_APPICON_NAME = AppIcon;
				ASSETCATALOG_COMPILER_GLOBAL_ACCENT_COLOR_NAME = AccentColor;
				CODE_SIGN_STYLE = Automatic;
				CURRENT_PROJECT_VERSION = 1;
				DEVELOPMENT_ASSET_PATHS = "\"CosmicAtlas/Preview Content\"";
				DEVELOPMENT_TEAM = X97STG98HT;
				ENABLE_PREVIEWS = YES;
				GENERATE_INFOPLIST_FILE = YES;
				INFOPLIST_KEY_NSCameraUsageDescription = "";
				INFOPLIST_KEY_UIApplicationSupportsIndirectInputEvents = YES;
				INFOPLIST_KEY_UILaunchScreen_Generation = YES;
				INFOPLIST_KEY_UIRequiredDeviceCapabilities = arkit;
				INFOPLIST_KEY_UIStatusBarHidden = YES;
				INFOPLIST_KEY_UISupportedInterfaceOrientations_iPad = "UIInterfaceOrientationPortrait UIInterfaceOrientationPortraitUpsideDown UIInterfaceOrientationLandscapeLeft UIInterfaceOrientationLandscapeRight";
				INFOPLIST_KEY_UISupportedInterfaceOrientations_iPhone = "UIInterfaceOrientationPortrait UIInterfaceOrientationLandscapeLeft UIInterfaceOrientationLandscapeRight";
				LD_RUNPATH_SEARCH_PATHS = (
					"$(inherited)",
					"@executable_path/Frameworks",
				);
				MARKETING_VERSION = 1.0;
				PRODUCT_BUNDLE_IDENTIFIER = "sanket190997-gmail.com.CosmicAtlas";
				PRODUCT_NAME = "$(TARGET_NAME)";
				SWIFT_EMIT_LOC_STRINGS = YES;
				SWIFT_VERSION = 5.0;
				TARGETED_DEVICE_FAMILY = "1,2";
			};
			name = Debug;
		};
		39D578122AB3CA8700E11D13 /* Release */ = {
			isa = XCBuildConfiguration;
			buildSettings = {
				ASSETCATALOG_COMPILER_APPICON_NAME = AppIcon;
				ASSETCATALOG_COMPILER_GLOBAL_ACCENT_COLOR_NAME = AccentColor;
				CODE_SIGN_STYLE = Automatic;
				CURRENT_PROJECT_VERSION = 1;
				DEVELOPMENT_ASSET_PATHS = "\"CosmicAtlas/Preview Content\"";
				DEVELOPMENT_TEAM = X97STG98HT;
				ENABLE_PREVIEWS = YES;
				GENERATE_INFOPLIST_FILE = YES;
				INFOPLIST_KEY_NSCameraUsageDescription = "";
				INFOPLIST_KEY_UIApplicationSupportsIndirectInputEvents = YES;
				INFOPLIST_KEY_UILaunchScreen_Generation = YES;
				INFOPLIST_KEY_UIRequiredDeviceCapabilities = arkit;
				INFOPLIST_KEY_UIStatusBarHidden = YES;
				INFOPLIST_KEY_UISupportedInterfaceOrientations_iPad = "UIInterfaceOrientationPortrait UIInterfaceOrientationPortraitUpsideDown UIInterfaceOrientationLandscapeLeft UIInterfaceOrientationLandscapeRight";
				INFOPLIST_KEY_UISupportedInterfaceOrientations_iPhone = "UIInterfaceOrientationPortrait UIInterfaceOrientationLandscapeLeft UIInterfaceOrientationLandscapeRight";
				LD_RUNPATH_SEARCH_PATHS = (
					"$(inherited)",
					"@executable_path/Frameworks",
				);
				MARKETING_VERSION = 1.0;
				PRODUCT_BUNDLE_IDENTIFIER = "sanket190997-gmail.com.CosmicAtlas";
				PRODUCT_NAME = "$(TARGET_NAME)";
				SWIFT_EMIT_LOC_STRINGS = YES;
				SWIFT_VERSION = 5.0;
				TARGETED_DEVICE_FAMILY = "1,2";
			};
			name = Release;
		};
		39D578142AB3CA8700E11D13 /* Debug */ = {
			isa = XCBuildConfiguration;
			buildSettings = {
				ALWAYS_EMBED_SWIFT_STANDARD_LIBRARIES = YES;
				BUNDLE_LOADER = "$(TEST_HOST)";
				CODE_SIGN_STYLE = Automatic;
				CURRENT_PROJECT_VERSION = 1;
				DEVELOPMENT_TEAM = X97STG98HT;
				GENERATE_INFOPLIST_FILE = YES;
				IPHONEOS_DEPLOYMENT_TARGET = 16.4;
				MARKETING_VERSION = 1.0;
				PRODUCT_BUNDLE_IDENTIFIER = "sanket190997-gmail.com.CosmicAtlasTests";
				PRODUCT_NAME = "$(TARGET_NAME)";
				SWIFT_EMIT_LOC_STRINGS = NO;
				SWIFT_VERSION = 5.0;
				TARGETED_DEVICE_FAMILY = "1,2";
				TEST_HOST = "$(BUILT_PRODUCTS_DIR)/CosmicAtlas.app/$(BUNDLE_EXECUTABLE_FOLDER_PATH)/CosmicAtlas";
			};
			name = Debug;
		};
		39D578152AB3CA8700E11D13 /* Release */ = {
			isa = XCBuildConfiguration;
			buildSettings = {
				ALWAYS_EMBED_SWIFT_STANDARD_LIBRARIES = YES;
				BUNDLE_LOADER = "$(TEST_HOST)";
				CODE_SIGN_STYLE = Automatic;
				CURRENT_PROJECT_VERSION = 1;
				DEVELOPMENT_TEAM = X97STG98HT;
				GENERATE_INFOPLIST_FILE = YES;
				IPHONEOS_DEPLOYMENT_TARGET = 16.4;
				MARKETING_VERSION = 1.0;
				PRODUCT_BUNDLE_IDENTIFIER = "sanket190997-gmail.com.CosmicAtlasTests";
				PRODUCT_NAME = "$(TARGET_NAME)";
				SWIFT_EMIT_LOC_STRINGS = NO;
				SWIFT_VERSION = 5.0;
				TARGETED_DEVICE_FAMILY = "1,2";
				TEST_HOST = "$(BUILT_PRODUCTS_DIR)/CosmicAtlas.app/$(BUNDLE_EXECUTABLE_FOLDER_PATH)/CosmicAtlas";
			};
			name = Release;
		};
		39D578172AB3CA8700E11D13 /* Debug */ = {
			isa = XCBuildConfiguration;
			buildSettings = {
				ALWAYS_EMBED_SWIFT_STANDARD_LIBRARIES = YES;
				CODE_SIGN_STYLE = Automatic;
				CURRENT_PROJECT_VERSION = 1;
				DEVELOPMENT_TEAM = X97STG98HT;
				GENERATE_INFOPLIST_FILE = YES;
				MARKETING_VERSION = 1.0;
				PRODUCT_BUNDLE_IDENTIFIER = "sanket190997-gmail.com.CosmicAtlasUITests";
				PRODUCT_NAME = "$(TARGET_NAME)";
				SWIFT_EMIT_LOC_STRINGS = NO;
				SWIFT_VERSION = 5.0;
				TARGETED_DEVICE_FAMILY = "1,2";
				TEST_TARGET_NAME = CosmicAtlas;
			};
			name = Debug;
		};
		39D578182AB3CA8700E11D13 /* Release */ = {
			isa = XCBuildConfiguration;
			buildSettings = {
				ALWAYS_EMBED_SWIFT_STANDARD_LIBRARIES = YES;
				CODE_SIGN_STYLE = Automatic;
				CURRENT_PROJECT_VERSION = 1;
				DEVELOPMENT_TEAM = X97STG98HT;
				GENERATE_INFOPLIST_FILE = YES;
				MARKETING_VERSION = 1.0;
				PRODUCT_BUNDLE_IDENTIFIER = "sanket190997-gmail.com.CosmicAtlasUITests";
				PRODUCT_NAME = "$(TARGET_NAME)";
				SWIFT_EMIT_LOC_STRINGS = NO;
				SWIFT_VERSION = 5.0;
				TARGETED_DEVICE_FAMILY = "1,2";
				TEST_TARGET_NAME = CosmicAtlas;
			};
			name = Release;
		};
/* End XCBuildConfiguration section */

/* Begin XCConfigurationList section */
		39D577E52AB3CA8700E11D13 /* Build configuration list for PBXProject "CosmicAtlas" */ = {
			isa = XCConfigurationList;
			buildConfigurations = (
				39D5780E2AB3CA8700E11D13 /* Debug */,
				39D5780F2AB3CA8700E11D13 /* Release */,
			);
			defaultConfigurationIsVisible = 0;
			defaultConfigurationName = Release;
		};
		39D578102AB3CA8700E11D13 /* Build configuration list for PBXNativeTarget "CosmicAtlas" */ = {
			isa = XCConfigurationList;
			buildConfigurations = (
				39D578112AB3CA8700E11D13 /* Debug */,
				39D578122AB3CA8700E11D13 /* Release */,
			);
			defaultConfigurationIsVisible = 0;
			defaultConfigurationName = Release;
		};
		39D578132AB3CA8700E11D13 /* Build configuration list for PBXNativeTarget "CosmicAtlasTests" */ = {
			isa = XCConfigurationList;
			buildConfigurations = (
				39D578142AB3CA8700E11D13 /* Debug */,
				39D578152AB3CA8700E11D13 /* Release */,
			);
			defaultConfigurationIsVisible = 0;
			defaultConfigurationName = Release;
		};
		39D578162AB3CA8700E11D13 /* Build configuration list for PBXNativeTarget "CosmicAtlasUITests" */ = {
			isa = XCConfigurationList;
			buildConfigurations = (
				39D578172AB3CA8700E11D13 /* Debug */,
				39D578182AB3CA8700E11D13 /* Release */,
			);
			defaultConfigurationIsVisible = 0;
			defaultConfigurationName = Release;
		};
/* End XCConfigurationList section */

/* Begin XCRemoteSwiftPackageReference section */
		3956F4A12ADC88F900EA601E /* XCRemoteSwiftPackageReference "lottie-ios" */ = {
			isa = XCRemoteSwiftPackageReference;
			repositoryURL = "https://github.com/airbnb/lottie-ios.git";
			requirement = {
				kind = upToNextMajorVersion;
				minimumVersion = 4.0.0;
			};
		};
		3956F4A42ADC89E500EA601E /* XCRemoteSwiftPackageReference "swiftui-cached-async-image" */ = {
			isa = XCRemoteSwiftPackageReference;
			repositoryURL = "https://github.com/lorenzofiamingo/swiftui-cached-async-image";
			requirement = {
				kind = upToNextMajorVersion;
				minimumVersion = 2.0.0;
			};
		};
		3956F4A72ADC90BF00EA601E /* XCRemoteSwiftPackageReference "firebase-ios-sdk" */ = {
			isa = XCRemoteSwiftPackageReference;
			repositoryURL = "https://github.com/firebase/firebase-ios-sdk.git";
			requirement = {
				kind = upToNextMajorVersion;
				minimumVersion = 10.0.0;
			};
		};
/* End XCRemoteSwiftPackageReference section */

/* Begin XCSwiftPackageProductDependency section */
		3956F4A22ADC88F900EA601E /* Lottie */ = {
			isa = XCSwiftPackageProductDependency;
			package = 3956F4A12ADC88F900EA601E /* XCRemoteSwiftPackageReference "lottie-ios" */;
			productName = Lottie;
		};
		3956F4A52ADC89E500EA601E /* CachedAsyncImage */ = {
			isa = XCSwiftPackageProductDependency;
			package = 3956F4A42ADC89E500EA601E /* XCRemoteSwiftPackageReference "swiftui-cached-async-image" */;
			productName = CachedAsyncImage;
		};
		3956F4A82ADC90BF00EA601E /* FirebaseAnalytics */ = {
			isa = XCSwiftPackageProductDependency;
			package = 3956F4A72ADC90BF00EA601E /* XCRemoteSwiftPackageReference "firebase-ios-sdk" */;
			productName = FirebaseAnalytics;
		};
		3956F4AA2ADC90BF00EA601E /* FirebaseAuth */ = {
			isa = XCSwiftPackageProductDependency;
			package = 3956F4A72ADC90BF00EA601E /* XCRemoteSwiftPackageReference "firebase-ios-sdk" */;
			productName = FirebaseAuth;
		};
		3956F4AC2ADC90BF00EA601E /* FirebaseAuthCombine-Community */ = {
			isa = XCSwiftPackageProductDependency;
			package = 3956F4A72ADC90BF00EA601E /* XCRemoteSwiftPackageReference "firebase-ios-sdk" */;
			productName = "FirebaseAuthCombine-Community";
		};
		3956F4AE2ADC90BF00EA601E /* FirebaseDatabase */ = {
			isa = XCSwiftPackageProductDependency;
			package = 3956F4A72ADC90BF00EA601E /* XCRemoteSwiftPackageReference "firebase-ios-sdk" */;
			productName = FirebaseDatabase;
		};
		3956F4B02ADC90BF00EA601E /* FirebaseDatabaseSwift */ = {
			isa = XCSwiftPackageProductDependency;
			package = 3956F4A72ADC90BF00EA601E /* XCRemoteSwiftPackageReference "firebase-ios-sdk" */;
			productName = FirebaseDatabaseSwift;
		};
		3956F4B22ADC90BF00EA601E /* FirebaseFirestore */ = {
			isa = XCSwiftPackageProductDependency;
			package = 3956F4A72ADC90BF00EA601E /* XCRemoteSwiftPackageReference "firebase-ios-sdk" */;
			productName = FirebaseFirestore;
		};
		3956F4B42ADC90BF00EA601E /* FirebaseFirestoreCombine-Community */ = {
			isa = XCSwiftPackageProductDependency;
			package = 3956F4A72ADC90BF00EA601E /* XCRemoteSwiftPackageReference "firebase-ios-sdk" */;
			productName = "FirebaseFirestoreCombine-Community";
		};
		3956F4B62ADC90BF00EA601E /* FirebaseFirestoreSwift */ = {
			isa = XCSwiftPackageProductDependency;
			package = 3956F4A72ADC90BF00EA601E /* XCRemoteSwiftPackageReference "firebase-ios-sdk" */;
			productName = FirebaseFirestoreSwift;
		};
		3956F4B82ADC90BF00EA601E /* FirebaseStorage */ = {
			isa = XCSwiftPackageProductDependency;
			package = 3956F4A72ADC90BF00EA601E /* XCRemoteSwiftPackageReference "firebase-ios-sdk" */;
			productName = FirebaseStorage;
		};
		3956F4BA2ADC90BF00EA601E /* FirebaseStorageCombine-Community */ = {
			isa = XCSwiftPackageProductDependency;
			package = 3956F4A72ADC90BF00EA601E /* XCRemoteSwiftPackageReference "firebase-ios-sdk" */;
			productName = "FirebaseStorageCombine-Community";
		};
/* End XCSwiftPackageProductDependency section */
	};
	rootObject = 39D577E22AB3CA8700E11D13 /* Project object */;
}
