// !$*UTF8*$!
{
	archiveVersion = 1;
	classes = {
	};
	objectVersion = 56;
	objects = {

/* Begin PBXBuildFile section */
		39D577EE2AB3CA8700E11D13 /* AppDelegate.swift in Sources */ = {isa = PBXBuildFile; fileRef = 39D577ED2AB3CA8700E11D13 /* AppDelegate.swift */; };
		39D577F02AB3CA8700E11D13 /* ContentView.swift in Sources */ = {isa = PBXBuildFile; fileRef = 39D577EF2AB3CA8700E11D13 /* ContentView.swift */; };
		39D577F22AB3CA8700E11D13 /* Experience.rcproject in Sources */ = {isa = PBXBuildFile; fileRef = 39D577F12AB3CA8700E11D13 /* Experience.rcproject */; };
		39D577F42AB3CA8700E11D13 /* Assets.xcassets in Resources */ = {isa = PBXBuildFile; fileRef = 39D577F32AB3CA8700E11D13 /* Assets.xcassets */; };
		39D577F72AB3CA8700E11D13 /* Preview Assets.xcassets in Resources */ = {isa = PBXBuildFile; fileRef = 39D577F62AB3CA8700E11D13 /* Preview Assets.xcassets */; };
		39D578012AB3CA8700E11D13 /* CosmicAtlasTests.swift in Sources */ = {isa = PBXBuildFile; fileRef = 39D578002AB3CA8700E11D13 /* CosmicAtlasTests.swift */; };
		39D5780B2AB3CA8700E11D13 /* CosmicAtlasUITests.swift in Sources */ = {isa = PBXBuildFile; fileRef = 39D5780A2AB3CA8700E11D13 /* CosmicAtlasUITests.swift */; };
		39D5780D2AB3CA8700E11D13 /* CosmicAtlasUITestsLaunchTests.swift in Sources */ = {isa = PBXBuildFile; fileRef = 39D5780C2AB3CA8700E11D13 /* CosmicAtlasUITestsLaunchTests.swift */; };
/* End PBXBuildFile section */

/* Begin PBXContainerItemProxy section */
		39D577FD2AB3CA8700E11D13 /* PBXContainerItemProxy */ = {
			isa = PBXContainerItemProxy;
			containerPortal = 39D577E22AB3CA8700E11D13 /* Project object */;
			proxyType = 1;
			remoteGlobalIDString = 39D577E92AB3CA8700E11D13;
			remoteInfo = CosmicAtlas;
		};
		39D578072AB3CA8700E11D13 /* PBXContainerItemProxy */ = {
			isa = PBXContainerItemProxy;
			containerPortal = 39D577E22AB3CA8700E11D13 /* Project object */;
			proxyType = 1;
			remoteGlobalIDString = 39D577E92AB3CA8700E11D13;
			remoteInfo = CosmicAtlas;
		};
/* End PBXContainerItemProxy section */

/* Begin PBXFileReference section */
		39D577EA2AB3CA8700E11D13 /* CosmicAtlas.app */ = {isa = PBXFileReference; explicitFileType = wrapper.application; includeInIndex = 0; path = CosmicAtlas.app; sourceTree = BUILT_PRODUCTS_DIR; };
		39D577ED2AB3CA8700E11D13 /* AppDelegate.swift */ = {isa = PBXFileReference; lastKnownFileType = sourcecode.swift; path = AppDelegate.swift; sourceTree = "<group>"; };
		39D577EF2AB3CA8700E11D13 /* ContentView.swift */ = {isa = PBXFileReference; lastKnownFileType = sourcecode.swift; path = ContentView.swift; sourceTree = "<group>"; };
		39D577F12AB3CA8700E11D13 /* Experience.rcproject */ = {isa = PBXFileReference; lastKnownFileType = file.rcproject; path = Experience.rcproject; sourceTree = "<group>"; };
		39D577F32AB3CA8700E11D13 /* Assets.xcassets */ = {isa = PBXFileReference; lastKnownFileType = folder.assetcatalog; path = Assets.xcassets; sourceTree = "<group>"; };
		39D577F62AB3CA8700E11D13 /* Preview Assets.xcassets */ = {isa = PBXFileReference; lastKnownFileType = folder.assetcatalog; path = "Preview Assets.xcassets"; sourceTree = "<group>"; };
		39D577FC2AB3CA8700E11D13 /* CosmicAtlasTests.xctest */ = {isa = PBXFileReference; explicitFileType = wrapper.cfbundle; includeInIndex = 0; path = CosmicAtlasTests.xctest; sourceTree = BUILT_PRODUCTS_DIR; };
		39D578002AB3CA8700E11D13 /* CosmicAtlasTests.swift */ = {isa = PBXFileReference; lastKnownFileType = sourcecode.swift; path = CosmicAtlasTests.swift; sourceTree = "<group>"; };
		39D578062AB3CA8700E11D13 /* CosmicAtlasUITests.xctest */ = {isa = PBXFileReference; explicitFileType = wrapper.cfbundle; includeInIndex = 0; path = CosmicAtlasUITests.xctest; sourceTree = BUILT_PRODUCTS_DIR; };
		39D5780A2AB3CA8700E11D13 /* CosmicAtlasUITests.swift */ = {isa = PBXFileReference; lastKnownFileType = sourcecode.swift; path = CosmicAtlasUITests.swift; sourceTree = "<group>"; };
		39D5780C2AB3CA8700E11D13 /* CosmicAtlasUITestsLaunchTests.swift */ = {isa = PBXFileReference; lastKnownFileType = sourcecode.swift; path = CosmicAtlasUITestsLaunchTests.swift; sourceTree = "<group>"; };
/* End PBXFileReference section */

/* Begin PBXFrameworksBuildPhase section */
		39D577E72AB3CA8700E11D13 /* Frameworks */ = {
			isa = PBXFrameworksBuildPhase;
			buildActionMask = 2147483647;
			files = (
			);
			runOnlyForDeploymentPostprocessing = 0;
		};
		39D577F92AB3CA8700E11D13 /* Frameworks */ = {
			isa = PBXFrameworksBuildPhase;
			buildActionMask = 2147483647;
			files = (
			);
			runOnlyForDeploymentPostprocessing = 0;
		};
		39D578032AB3CA8700E11D13 /* Frameworks */ = {
			isa = PBXFrameworksBuildPhase;
			buildActionMask = 2147483647;
			files = (
			);
			runOnlyForDeploymentPostprocessing = 0;
		};
/* End PBXFrameworksBuildPhase section */

/* Begin PBXGroup section */
		39D577E12AB3CA8700E11D13 = {
			isa = PBXGroup;
			children = (
				39D577EC2AB3CA8700E11D13 /* CosmicAtlas */,
				39D577FF2AB3CA8700E11D13 /* CosmicAtlasTests */,
				39D578092AB3CA8700E11D13 /* CosmicAtlasUITests */,
				39D577EB2AB3CA8700E11D13 /* Products */,
			);
			sourceTree = "<group>";
		};
		39D577EB2AB3CA8700E11D13 /* Products */ = {
			isa = PBXGroup;
			children = (
				39D577EA2AB3CA8700E11D13 /* CosmicAtlas.app */,
				39D577FC2AB3CA8700E11D13 /* CosmicAtlasTests.xctest */,
				39D578062AB3CA8700E11D13 /* CosmicAtlasUITests.xctest */,
			);
			name = Products;
			sourceTree = "<group>";
		};
		39D577EC2AB3CA8700E11D13 /* CosmicAtlas */ = {
			isa = PBXGroup;
			children = (
				39D577ED2AB3CA8700E11D13 /* AppDelegate.swift */,
				39D577EF2AB3CA8700E11D13 /* ContentView.swift */,
				39D577F12AB3CA8700E11D13 /* Experience.rcproject */,
				39D577F32AB3CA8700E11D13 /* Assets.xcassets */,
				39D577F52AB3CA8700E11D13 /* Preview Content */,
			);
			path = CosmicAtlas;
			sourceTree = "<group>";
		};
		39D577F52AB3CA8700E11D13 /* Preview Content */ = {
			isa = PBXGroup;
			children = (
				39D577F62AB3CA8700E11D13 /* Preview Assets.xcassets */,
			);
			path = "Preview Content";
			sourceTree = "<group>";
		};
		39D577FF2AB3CA8700E11D13 /* CosmicAtlasTests */ = {
			isa = PBXGroup;
			children = (
				39D578002AB3CA8700E11D13 /* CosmicAtlasTests.swift */,
			);
			path = CosmicAtlasTests;
			sourceTree = "<group>";
		};
		39D578092AB3CA8700E11D13 /* CosmicAtlasUITests */ = {
			isa = PBXGroup;
			children = (
				39D5780A2AB3CA8700E11D13 /* CosmicAtlasUITests.swift */,
				39D5780C2AB3CA8700E11D13 /* CosmicAtlasUITestsLaunchTests.swift */,
			);
			path = CosmicAtlasUITests;
			sourceTree = "<group>";
		};
/* End PBXGroup section */

/* Begin PBXNativeTarget section */
		39D577E92AB3CA8700E11D13 /* CosmicAtlas */ = {
			isa = PBXNativeTarget;
			buildConfigurationList = 39D578102AB3CA8700E11D13 /* Build configuration list for PBXNativeTarget "CosmicAtlas" */;
			buildPhases = (
				39D577E62AB3CA8700E11D13 /* Sources */,
				39D577E72AB3CA8700E11D13 /* Frameworks */,
				39D577E82AB3CA8700E11D13 /* Resources */,
			);
			buildRules = (
			);
			dependencies = (
			);
			name = CosmicAtlas;
			productName = CosmicAtlas;
			productReference = 39D577EA2AB3CA8700E11D13 /* CosmicAtlas.app */;
			productType = "com.apple.product-type.application";
		};
		39D577FB2AB3CA8700E11D13 /* CosmicAtlasTests */ = {
			isa = PBXNativeTarget;
			buildConfigurationList = 39D578132AB3CA8700E11D13 /* Build configuration list for PBXNativeTarget "CosmicAtlasTests" */;
			buildPhases = (
				39D577F82AB3CA8700E11D13 /* Sources */,
				39D577F92AB3CA8700E11D13 /* Frameworks */,
				39D577FA2AB3CA8700E11D13 /* Resources */,
			);
			buildRules = (
			);
			dependencies = (
				39D577FE2AB3CA8700E11D13 /* PBXTargetDependency */,
			);
			name = CosmicAtlasTests;
			productName = CosmicAtlasTests;
			productReference = 39D577FC2AB3CA8700E11D13 /* CosmicAtlasTests.xctest */;
			productType = "com.apple.product-type.bundle.unit-test";
		};
		39D578052AB3CA8700E11D13 /* CosmicAtlasUITests */ = {
			isa = PBXNativeTarget;
			buildConfigurationList = 39D578162AB3CA8700E11D13 /* Build configuration list for PBXNativeTarget "CosmicAtlasUITests" */;
			buildPhases = (
				39D578022AB3CA8700E11D13 /* Sources */,
				39D578032AB3CA8700E11D13 /* Frameworks */,
				39D578042AB3CA8700E11D13 /* Resources */,
			);
			buildRules = (
			);
			dependencies = (
				39D578082AB3CA8700E11D13 /* PBXTargetDependency */,
			);
			name = CosmicAtlasUITests;
			productName = CosmicAtlasUITests;
			productReference = 39D578062AB3CA8700E11D13 /* CosmicAtlasUITests.xctest */;
			productType = "com.apple.product-type.bundle.ui-testing";
		};
/* End PBXNativeTarget section */

/* Begin PBXProject section */
		39D577E22AB3CA8700E11D13 /* Project object */ = {
			isa = PBXProject;
			attributes = {
				BuildIndependentTargetsInParallel = 1;
				LastSwiftUpdateCheck = 1430;
				LastUpgradeCheck = 1430;
				TargetAttributes = {
					39D577E92AB3CA8700E11D13 = {
						CreatedOnToolsVersion = 14.3.1;
					};
					39D577FB2AB3CA8700E11D13 = {
						CreatedOnToolsVersion = 14.3.1;
						TestTargetID = 39D577E92AB3CA8700E11D13;
					};
					39D578052AB3CA8700E11D13 = {
						CreatedOnToolsVersion = 14.3.1;
						TestTargetID = 39D577E92AB3CA8700E11D13;
					};
				};
			};
			buildConfigurationList = 39D577E52AB3CA8700E11D13 /* Build configuration list for PBXProject "CosmicAtlas" */;
			compatibilityVersion = "Xcode 14.0";
			developmentRegion = en;
			hasScannedForEncodings = 0;
			knownRegions = (
				en,
				Base,
			);
			mainGroup = 39D577E12AB3CA8700E11D13;
			productRefGroup = 39D577EB2AB3CA8700E11D13 /* Products */;
			projectDirPath = "";
			projectRoot = "";
			targets = (
				39D577E92AB3CA8700E11D13 /* CosmicAtlas */,
				39D577FB2AB3CA8700E11D13 /* CosmicAtlasTests */,
				39D578052AB3CA8700E11D13 /* CosmicAtlasUITests */,
			);
		};
/* End PBXProject section */

/* Begin PBXResourcesBuildPhase section */
		39D577E82AB3CA8700E11D13 /* Resources */ = {
			isa = PBXResourcesBuildPhase;
			buildActionMask = 2147483647;
			files = (
				39D577F72AB3CA8700E11D13 /* Preview Assets.xcassets in Resources */,
				39D577F42AB3CA8700E11D13 /* Assets.xcassets in Resources */,
			);
			runOnlyForDeploymentPostprocessing = 0;
		};
		39D577FA2AB3CA8700E11D13 /* Resources */ = {
			isa = PBXResourcesBuildPhase;
			buildActionMask = 2147483647;
			files = (
			);
			runOnlyForDeploymentPostprocessing = 0;
		};
		39D578042AB3CA8700E11D13 /* Resources */ = {
			isa = PBXResourcesBuildPhase;
			buildActionMask = 2147483647;
			files = (
			);
			runOnlyForDeploymentPostprocessing = 0;
		};
/* End PBXResourcesBuildPhase section */

/* Begin PBXSourcesBuildPhase section */
		39D577E62AB3CA8700E11D13 /* Sources */ = {
			isa = PBXSourcesBuildPhase;
			buildActionMask = 2147483647;
			files = (
				39D577F02AB3CA8700E11D13 /* ContentView.swift in Sources */,
				39D577EE2AB3CA8700E11D13 /* AppDelegate.swift in Sources */,
				39D577F22AB3CA8700E11D13 /* Experience.rcproject in Sources */,
			);
			runOnlyForDeploymentPostprocessing = 0;
		};
		39D577F82AB3CA8700E11D13 /* Sources */ = {
			isa = PBXSourcesBuildPhase;
			buildActionMask = 2147483647;
			files = (
				39D578012AB3CA8700E11D13 /* CosmicAtlasTests.swift in Sources */,
			);
			runOnlyForDeploymentPostprocessing = 0;
		};
		39D578022AB3CA8700E11D13 /* Sources */ = {
			isa = PBXSourcesBuildPhase;
			buildActionMask = 2147483647;
			files = (
				39D5780D2AB3CA8700E11D13 /* CosmicAtlasUITestsLaunchTests.swift in Sources */,
				39D5780B2AB3CA8700E11D13 /* CosmicAtlasUITests.swift in Sources */,
			);
			runOnlyForDeploymentPostprocessing = 0;
		};
/* End PBXSourcesBuildPhase section */

/* Begin PBXTargetDependency section */
		39D577FE2AB3CA8700E11D13 /* PBXTargetDependency */ = {
			isa = PBXTargetDependency;
			target = 39D577E92AB3CA8700E11D13 /* CosmicAtlas */;
			targetProxy = 39D577FD2AB3CA8700E11D13 /* PBXContainerItemProxy */;
		};
		39D578082AB3CA8700E11D13 /* PBXTargetDependency */ = {
			isa = PBXTargetDependency;
			target = 39D577E92AB3CA8700E11D13 /* CosmicAtlas */;
			targetProxy = 39D578072AB3CA8700E11D13 /* PBXContainerItemProxy */;
		};
/* End PBXTargetDependency section */

/* Begin XCBuildConfiguration section */
		39D5780E2AB3CA8700E11D13 /* Debug */ = {
			isa = XCBuildConfiguration;
			buildSettings = {
				ALWAYS_SEARCH_USER_PATHS = NO;
				CLANG_ANALYZER_NONNULL = YES;
				CLANG_ANALYZER_NUMBER_OBJECT_CONVERSION = YES_AGGRESSIVE;
				CLANG_CXX_LANGUAGE_STANDARD = "gnu++20";
				CLANG_ENABLE_MODULES = YES;
				CLANG_ENABLE_OBJC_ARC = YES;
				CLANG_ENABLE_OBJC_WEAK = YES;
				CLANG_WARN_BLOCK_CAPTURE_AUTORELEASING = YES;
				CLANG_WARN_BOOL_CONVERSION = YES;
				CLANG_WARN_COMMA = YES;
				CLANG_WARN_CONSTANT_CONVERSION = YES;
				CLANG_WARN_DEPRECATED_OBJC_IMPLEMENTATIONS = YES;
				CLANG_WARN_DIRECT_OBJC_ISA_USAGE = YES_ERROR;
				CLANG_WARN_DOCUMENTATION_COMMENTS = YES;
				CLANG_WARN_EMPTY_BODY = YES;
				CLANG_WARN_ENUM_CONVERSION = YES;
				CLANG_WARN_INFINITE_RECURSION = YES;
				CLANG_WARN_INT_CONVERSION = YES;
				CLANG_WARN_NON_LITERAL_NULL_CONVERSION = YES;
				CLANG_WARN_OBJC_IMPLICIT_RETAIN_SELF = YES;
				CLANG_WARN_OBJC_LITERAL_CONVERSION = YES;
				CLANG_WARN_OBJC_ROOT_CLASS = YES_ERROR;
				CLANG_WARN_QUOTED_INCLUDE_IN_FRAMEWORK_HEADER = YES;
				CLANG_WARN_RANGE_LOOP_ANALYSIS = YES;
				CLANG_WARN_STRICT_PROTOTYPES = YES;
				CLANG_WARN_SUSPICIOUS_MOVE = YES;
				CLANG_WARN_UNGUARDED_AVAILABILITY = YES_AGGRESSIVE;
				CLANG_WARN_UNREACHABLE_CODE = YES;
				CLANG_WARN__DUPLICATE_METHOD_MATCH = YES;
				COPY_PHASE_STRIP = NO;
				DEBUG_INFORMATION_FORMAT = dwarf;
				ENABLE_STRICT_OBJC_MSGSEND = YES;
				ENABLE_TESTABILITY = YES;
				GCC_C_LANGUAGE_STANDARD = gnu11;
				GCC_DYNAMIC_NO_PIC = NO;
				GCC_NO_COMMON_BLOCKS = YES;
				GCC_OPTIMIZATION_LEVEL = 0;
				GCC_PREPROCESSOR_DEFINITIONS = (
					"DEBUG=1",
					"$(inherited)",
				);
				GCC_WARN_64_TO_32_BIT_CONVERSION = YES;
				GCC_WARN_ABOUT_RETURN_TYPE = YES_ERROR;
				GCC_WARN_UNDECLARED_SELECTOR = YES;
				GCC_WARN_UNINITIALIZED_AUTOS = YES_AGGRESSIVE;
				GCC_WARN_UNUSED_FUNCTION = YES;
				GCC_WARN_UNUSED_VARIABLE = YES;
				IPHONEOS_DEPLOYMENT_TARGET = 16.4;
				MTL_ENABLE_DEBUG_INFO = INCLUDE_SOURCE;
				MTL_FAST_MATH = YES;
				ONLY_ACTIVE_ARCH = YES;
				SDKROOT = iphoneos;
				SWIFT_ACTIVE_COMPILATION_CONDITIONS = DEBUG;
				SWIFT_OPTIMIZATION_LEVEL = "-Onone";
			};
			name = Debug;
		};
		39D5780F2AB3CA8700E11D13 /* Release */ = {
			isa = XCBuildConfiguration;
			buildSettings = {
				ALWAYS_SEARCH_USER_PATHS = NO;
				CLANG_ANALYZER_NONNULL = YES;
				CLANG_ANALYZER_NUMBER_OBJECT_CONVERSION = YES_AGGRESSIVE;
				CLANG_CXX_LANGUAGE_STANDARD = "gnu++20";
				CLANG_ENABLE_MODULES = YES;
				CLANG_ENABLE_OBJC_ARC = YES;
				CLANG_ENABLE_OBJC_WEAK = YES;
				CLANG_WARN_BLOCK_CAPTURE_AUTORELEASING = YES;
				CLANG_WARN_BOOL_CONVERSION = YES;
				CLANG_WARN_COMMA = YES;
				CLANG_WARN_CONSTANT_CONVERSION = YES;
				CLANG_WARN_DEPRECATED_OBJC_IMPLEMENTATIONS = YES;
				CLANG_WARN_DIRECT_OBJC_ISA_USAGE = YES_ERROR;
				CLANG_WARN_DOCUMENTATION_COMMENTS = YES;
				CLANG_WARN_EMPTY_BODY = YES;
				CLANG_WARN_ENUM_CONVERSION = YES;
				CLANG_WARN_INFINITE_RECURSION = YES;
				CLANG_WARN_INT_CONVERSION = YES;
				CLANG_WARN_NON_LITERAL_NULL_CONVERSION = YES;
				CLANG_WARN_OBJC_IMPLICIT_RETAIN_SELF = YES;
				CLANG_WARN_OBJC_LITERAL_CONVERSION = YES;
				CLANG_WARN_OBJC_ROOT_CLASS = YES_ERROR;
				CLANG_WARN_QUOTED_INCLUDE_IN_FRAMEWORK_HEADER = YES;
				CLANG_WARN_RANGE_LOOP_ANALYSIS = YES;
				CLANG_WARN_STRICT_PROTOTYPES = YES;
				CLANG_WARN_SUSPICIOUS_MOVE = YES;
				CLANG_WARN_UNGUARDED_AVAILABILITY = YES_AGGRESSIVE;
				CLANG_WARN_UNREACHABLE_CODE = YES;
				CLANG_WARN__DUPLICATE_METHOD_MATCH = YES;
				COPY_PHASE_STRIP = NO;
				DEBUG_INFORMATION_FORMAT = "dwarf-with-dsym";
				ENABLE_NS_ASSERTIONS = NO;
				ENABLE_STRICT_OBJC_MSGSEND = YES;
				GCC_C_LANGUAGE_STANDARD = gnu11;
				GCC_NO_COMMON_BLOCKS = YES;
				GCC_WARN_64_TO_32_BIT_CONVERSION = YES;
				GCC_WARN_ABOUT_RETURN_TYPE = YES_ERROR;
				GCC_WARN_UNDECLARED_SELECTOR = YES;
				GCC_WARN_UNINITIALIZED_AUTOS = YES_AGGRESSIVE;
				GCC_WARN_UNUSED_FUNCTION = YES;
				GCC_WARN_UNUSED_VARIABLE = YES;
				IPHONEOS_DEPLOYMENT_TARGET = 16.4;
				MTL_ENABLE_DEBUG_INFO = NO;
				MTL_FAST_MATH = YES;
				SDKROOT = iphoneos;
				SWIFT_COMPILATION_MODE = wholemodule;
				SWIFT_OPTIMIZATION_LEVEL = "-O";
				VALIDATE_PRODUCT = YES;
			};
			name = Release;
		};
		39D578112AB3CA8700E11D13 /* Debug */ = {
			isa = XCBuildConfiguration;
			buildSettings = {
				ASSETCATALOG_COMPILER_APPICON_NAME = AppIcon;
				ASSETCATALOG_COMPILER_GLOBAL_ACCENT_COLOR_NAME = AccentColor;
				CODE_SIGN_STYLE = Automatic;
				CURRENT_PROJECT_VERSION = 1;
				DEVELOPMENT_ASSET_PATHS = "\"CosmicAtlas/Preview Content\"";
				DEVELOPMENT_TEAM = X97STG98HT;
				ENABLE_PREVIEWS = YES;
				GENERATE_INFOPLIST_FILE = YES;
				INFOPLIST_KEY_NSCameraUsageDescription = "";
				INFOPLIST_KEY_UIApplicationSupportsIndirectInputEvents = YES;
				INFOPLIST_KEY_UILaunchScreen_Generation = YES;
				INFOPLIST_KEY_UIRequiredDeviceCapabilities = arkit;
				INFOPLIST_KEY_UIStatusBarHidden = YES;
				INFOPLIST_KEY_UISupportedInterfaceOrientations_iPad = "UIInterfaceOrientationPortrait UIInterfaceOrientationPortraitUpsideDown UIInterfaceOrientationLandscapeLeft UIInterfaceOrientationLandscapeRight";
				INFOPLIST_KEY_UISupportedInterfaceOrientations_iPhone = "UIInterfaceOrientationPortrait UIInterfaceOrientationLandscapeLeft UIInterfaceOrientationLandscapeRight";
				LD_RUNPATH_SEARCH_PATHS = (
					"$(inherited)",
					"@executable_path/Frameworks",
				);
				MARKETING_VERSION = 1.0;
				PRODUCT_BUNDLE_IDENTIFIER = "sanket190997-gmail.com.CosmicAtlas";
				PRODUCT_NAME = "$(TARGET_NAME)";
				SWIFT_EMIT_LOC_STRINGS = YES;
				SWIFT_VERSION = 5.0;
				TARGETED_DEVICE_FAMILY = "1,2";
			};
			name = Debug;
		};
		39D578122AB3CA8700E11D13 /* Release */ = {
			isa = XCBuildConfiguration;
			buildSettings = {
				ASSETCATALOG_COMPILER_APPICON_NAME = AppIcon;
				ASSETCATALOG_COMPILER_GLOBAL_ACCENT_COLOR_NAME = AccentColor;
				CODE_SIGN_STYLE = Automatic;
				CURRENT_PROJECT_VERSION = 1;
				DEVELOPMENT_ASSET_PATHS = "\"CosmicAtlas/Preview Content\"";
				DEVELOPMENT_TEAM = X97STG98HT;
				ENABLE_PREVIEWS = YES;
				GENERATE_INFOPLIST_FILE = YES;
				INFOPLIST_KEY_NSCameraUsageDescription = "";
				INFOPLIST_KEY_UIApplicationSupportsIndirectInputEvents = YES;
				INFOPLIST_KEY_UILaunchScreen_Generation = YES;
				INFOPLIST_KEY_UIRequiredDeviceCapabilities = arkit;
				INFOPLIST_KEY_UIStatusBarHidden = YES;
				INFOPLIST_KEY_UISupportedInterfaceOrientations_iPad = "UIInterfaceOrientationPortrait UIInterfaceOrientationPortraitUpsideDown UIInterfaceOrientationLandscapeLeft UIInterfaceOrientationLandscapeRight";
				INFOPLIST_KEY_UISupportedInterfaceOrientations_iPhone = "UIInterfaceOrientationPortrait UIInterfaceOrientationLandscapeLeft UIInterfaceOrientationLandscapeRight";
				LD_RUNPATH_SEARCH_PATHS = (
					"$(inherited)",
					"@executable_path/Frameworks",
				);
				MARKETING_VERSION = 1.0;
				PRODUCT_BUNDLE_IDENTIFIER = "sanket190997-gmail.com.CosmicAtlas";
				PRODUCT_NAME = "$(TARGET_NAME)";
				SWIFT_EMIT_LOC_STRINGS = YES;
				SWIFT_VERSION = 5.0;
				TARGETED_DEVICE_FAMILY = "1,2";
			};
			name = Release;
		};
		39D578142AB3CA8700E11D13 /* Debug */ = {
			isa = XCBuildConfiguration;
			buildSettings = {
				ALWAYS_EMBED_SWIFT_STANDARD_LIBRARIES = YES;
				BUNDLE_LOADER = "$(TEST_HOST)";
				CODE_SIGN_STYLE = Automatic;
				CURRENT_PROJECT_VERSION = 1;
				DEVELOPMENT_TEAM = X97STG98HT;
				GENERATE_INFOPLIST_FILE = YES;
				IPHONEOS_DEPLOYMENT_TARGET = 16.4;
				MARKETING_VERSION = 1.0;
				PRODUCT_BUNDLE_IDENTIFIER = "sanket190997-gmail.com.CosmicAtlasTests";
				PRODUCT_NAME = "$(TARGET_NAME)";
				SWIFT_EMIT_LOC_STRINGS = NO;
				SWIFT_VERSION = 5.0;
				TARGETED_DEVICE_FAMILY = "1,2";
				TEST_HOST = "$(BUILT_PRODUCTS_DIR)/CosmicAtlas.app/$(BUNDLE_EXECUTABLE_FOLDER_PATH)/CosmicAtlas";
			};
			name = Debug;
		};
		39D578152AB3CA8700E11D13 /* Release */ = {
			isa = XCBuildConfiguration;
			buildSettings = {
				ALWAYS_EMBED_SWIFT_STANDARD_LIBRARIES = YES;
				BUNDLE_LOADER = "$(TEST_HOST)";
				CODE_SIGN_STYLE = Automatic;
				CURRENT_PROJECT_VERSION = 1;
				DEVELOPMENT_TEAM = X97STG98HT;
				GENERATE_INFOPLIST_FILE = YES;
				IPHONEOS_DEPLOYMENT_TARGET = 16.4;
				MARKETING_VERSION = 1.0;
				PRODUCT_BUNDLE_IDENTIFIER = "sanket190997-gmail.com.CosmicAtlasTests";
				PRODUCT_NAME = "$(TARGET_NAME)";
				SWIFT_EMIT_LOC_STRINGS = NO;
				SWIFT_VERSION = 5.0;
				TARGETED_DEVICE_FAMILY = "1,2";
				TEST_HOST = "$(BUILT_PRODUCTS_DIR)/CosmicAtlas.app/$(BUNDLE_EXECUTABLE_FOLDER_PATH)/CosmicAtlas";
			};
			name = Release;
		};
		39D578172AB3CA8700E11D13 /* Debug */ = {
			isa = XCBuildConfiguration;
			buildSettings = {
				ALWAYS_EMBED_SWIFT_STANDARD_LIBRARIES = YES;
				CODE_SIGN_STYLE = Automatic;
				CURRENT_PROJECT_VERSION = 1;
				DEVELOPMENT_TEAM = X97STG98HT;
				GENERATE_INFOPLIST_FILE = YES;
				MARKETING_VERSION = 1.0;
				PRODUCT_BUNDLE_IDENTIFIER = "sanket190997-gmail.com.CosmicAtlasUITests";
				PRODUCT_NAME = "$(TARGET_NAME)";
				SWIFT_EMIT_LOC_STRINGS = NO;
				SWIFT_VERSION = 5.0;
				TARGETED_DEVICE_FAMILY = "1,2";
				TEST_TARGET_NAME = CosmicAtlas;
			};
			name = Debug;
		};
		39D578182AB3CA8700E11D13 /* Release */ = {
			isa = XCBuildConfiguration;
			buildSettings = {
				ALWAYS_EMBED_SWIFT_STANDARD_LIBRARIES = YES;
				CODE_SIGN_STYLE = Automatic;
				CURRENT_PROJECT_VERSION = 1;
				DEVELOPMENT_TEAM = X97STG98HT;
				GENERATE_INFOPLIST_FILE = YES;
				MARKETING_VERSION = 1.0;
				PRODUCT_BUNDLE_IDENTIFIER = "sanket190997-gmail.com.CosmicAtlasUITests";
				PRODUCT_NAME = "$(TARGET_NAME)";
				SWIFT_EMIT_LOC_STRINGS = NO;
				SWIFT_VERSION = 5.0;
				TARGETED_DEVICE_FAMILY = "1,2";
				TEST_TARGET_NAME = CosmicAtlas;
			};
			name = Release;
		};
/* End XCBuildConfiguration section */

/* Begin XCConfigurationList section */
		39D577E52AB3CA8700E11D13 /* Build configuration list for PBXProject "CosmicAtlas" */ = {
			isa = XCConfigurationList;
			buildConfigurations = (
				39D5780E2AB3CA8700E11D13 /* Debug */,
				39D5780F2AB3CA8700E11D13 /* Release */,
			);
			defaultConfigurationIsVisible = 0;
			defaultConfigurationName = Release;
		};
		39D578102AB3CA8700E11D13 /* Build configuration list for PBXNativeTarget "CosmicAtlas" */ = {
			isa = XCConfigurationList;
			buildConfigurations = (
				39D578112AB3CA8700E11D13 /* Debug */,
				39D578122AB3CA8700E11D13 /* Release */,
			);
			defaultConfigurationIsVisible = 0;
			defaultConfigurationName = Release;
		};
		39D578132AB3CA8700E11D13 /* Build configuration list for PBXNativeTarget "CosmicAtlasTests" */ = {
			isa = XCConfigurationList;
			buildConfigurations = (
				39D578142AB3CA8700E11D13 /* Debug */,
				39D578152AB3CA8700E11D13 /* Release */,
			);
			defaultConfigurationIsVisible = 0;
			defaultConfigurationName = Release;
		};
		39D578162AB3CA8700E11D13 /* Build configuration list for PBXNativeTarget "CosmicAtlasUITests" */ = {
			isa = XCConfigurationList;
			buildConfigurations = (
				39D578172AB3CA8700E11D13 /* Debug */,
				39D578182AB3CA8700E11D13 /* Release */,
			);
			defaultConfigurationIsVisible = 0;
			defaultConfigurationName = Release;
		};
/* End XCConfigurationList section */
	};
	rootObject = 39D577E22AB3CA8700E11D13 /* Project object */;
}
